// !$*UTF8*$!
{
	archiveVersion = 1;
	classes = {
	};
	objectVersion = 77;
	objects = {

/* Begin PBXBuildFile section */
		290D6F0D2E389BB000811D5E /* WorkoutEntry.swift in Sources */ = {isa = PBXBuildFile; fileRef = 290D6F0C2E389BB000811D5E /* WorkoutEntry.swift */; };
		290D6F0F2E389BF300811D5E /* WorkoutTimeLineProvider.swift in Sources */ = {isa = PBXBuildFile; fileRef = 290D6F0E2E389BF300811D5E /* WorkoutTimeLineProvider.swift */; };
		290D6F112E389D2300811D5E /* WorkoutWidget.swift in Sources */ = {isa = PBXBuildFile; fileRef = 290D6F102E389D2300811D5E /* WorkoutWidget.swift */; };
		2911B7D52E3DCF9C00EE1E00 /* Expense.intentdefinition in Sources */ = {isa = PBXBuildFile; fileRef = 2911B7D42E3DCF9C00EE1E00 /* Expense.intentdefinition */; };
		2911B7D62E3DCF9C00EE1E00 /* Expense.intentdefinition in Sources */ = {isa = PBXBuildFile; fileRef = 2911B7D42E3DCF9C00EE1E00 /* Expense.intentdefinition */; };
		2911B7D82E3DD09E00EE1E00 /* ExpenseCategory.swift in Sources */ = {isa = PBXBuildFile; fileRef = 2911B7D72E3DD09E00EE1E00 /* ExpenseCategory.swift */; };
		2911B7D92E3DD09E00EE1E00 /* ExpenseCategory.swift in Sources */ = {isa = PBXBuildFile; fileRef = 2911B7D72E3DD09E00EE1E00 /* ExpenseCategory.swift */; };
		2911B7DB2E3DD13E00EE1E00 /* ExpenseEntry.swift in Sources */ = {isa = PBXBuildFile; fileRef = 2911B7DA2E3DD13E00EE1E00 /* ExpenseEntry.swift */; };
		2911B7DC2E3DD13E00EE1E00 /* ExpenseEntry.swift in Sources */ = {isa = PBXBuildFile; fileRef = 2911B7DA2E3DD13E00EE1E00 /* ExpenseEntry.swift */; };
		2911B7DE2E3DD1C400EE1E00 /* ExpenseItemView.swift in Sources */ = {isa = PBXBuildFile; fileRef = 2911B7DD2E3DD1C400EE1E00 /* ExpenseItemView.swift */; };
		2911B7DF2E3DD1C400EE1E00 /* ExpenseItemView.swift in Sources */ = {isa = PBXBuildFile; fileRef = 2911B7DD2E3DD1C400EE1E00 /* ExpenseItemView.swift */; };
		2911B7E12E3DD3B000EE1E00 /* ExpenseWidgetView.swift in Sources */ = {isa = PBXBuildFile; fileRef = 2911B7E02E3DD3B000EE1E00 /* ExpenseWidgetView.swift */; };
		2911B7E22E3DD3B000EE1E00 /* ExpenseWidgetView.swift in Sources */ = {isa = PBXBuildFile; fileRef = 2911B7E02E3DD3B000EE1E00 /* ExpenseWidgetView.swift */; };
		2911B7E42E3DD46900EE1E00 /* ExpenseTimeLineProvider.swift in Sources */ = {isa = PBXBuildFile; fileRef = 2911B7E32E3DD46900EE1E00 /* ExpenseTimeLineProvider.swift */; };
		2911B7E52E3DD46900EE1E00 /* ExpenseTimeLineProvider.swift in Sources */ = {isa = PBXBuildFile; fileRef = 2911B7E32E3DD46900EE1E00 /* ExpenseTimeLineProvider.swift */; };
		2911B7E72E3DD54600EE1E00 /* ExpenseWidget.swift in Sources */ = {isa = PBXBuildFile; fileRef = 2911B7E62E3DD54600EE1E00 /* ExpenseWidget.swift */; };
		2911B7E82E3DD54600EE1E00 /* ExpenseWidget.swift in Sources */ = {isa = PBXBuildFile; fileRef = 2911B7E62E3DD54600EE1E00 /* ExpenseWidget.swift */; };
		2916AD0D2E41C3D900C5C5B3 /* ExchangeRateEntryView.swift in Sources */ = {isa = PBXBuildFile; fileRef = 2916AD0C2E41C3D900C5C5B3 /* ExchangeRateEntryView.swift */; };
		2916AD0F2E41C4A100C5C5B3 /* ExchangeRateTimeLineProvider.swift in Sources */ = {isa = PBXBuildFile; fileRef = 2916AD0E2E41C4A100C5C5B3 /* ExchangeRateTimeLineProvider.swift */; };
		2944E0C32E39DF4D00317537 /* ReminderWidgetEntry.swift in Sources */ = {isa = PBXBuildFile; fileRef = 2944E0C22E39DF4D00317537 /* ReminderWidgetEntry.swift */; };
		2944E0C52E39DF9600317537 /* ReminderWidgetView.swift in Sources */ = {isa = PBXBuildFile; fileRef = 2944E0C42E39DF9600317537 /* ReminderWidgetView.swift */; };
		2944E0C72E39E03100317537 /* ReminderTimelineProvider.swift in Sources */ = {isa = PBXBuildFile; fileRef = 2944E0C62E39E03100317537 /* ReminderTimelineProvider.swift */; };
		2944E0C92E39E0AC00317537 /* ReminderWidget.swift in Sources */ = {isa = PBXBuildFile; fileRef = 2944E0C82E39E0AC00317537 /* ReminderWidget.swift */; };
		295099972E3228EF00BD0406 /* Quote.swift in Sources */ = {isa = PBXBuildFile; fileRef = 295099962E3228EF00BD0406 /* Quote.swift */; };
		295099992E32295800BD0406 /* QuoteService.swift in Sources */ = {isa = PBXBuildFile; fileRef = 295099982E32295800BD0406 /* QuoteService.swift */; };
		2950999B2E322B0F00BD0406 /* QuoteWidgetEntry.swift in Sources */ = {isa = PBXBuildFile; fileRef = 2950999A2E322B0F00BD0406 /* QuoteWidgetEntry.swift */; };
		2950999D2E322B3E00BD0406 /* QuoteTimeLineProvider.swift in Sources */ = {isa = PBXBuildFile; fileRef = 2950999C2E322B3E00BD0406 /* QuoteTimeLineProvider.swift */; };
		2950999F2E322D1B00BD0406 /* QuoteWidgetView.swift in Sources */ = {isa = PBXBuildFile; fileRef = 2950999E2E322D1B00BD0406 /* QuoteWidgetView.swift */; };
		295099A12E322DEE00BD0406 /* QuoteWidget.swift in Sources */ = {isa = PBXBuildFile; fileRef = 295099A02E322DEE00BD0406 /* QuoteWidget.swift */; };
		295099A42E32341E00BD0406 /* PhotoWidgetEntry.swift in Sources */ = {isa = PBXBuildFile; fileRef = 295099A32E32341E00BD0406 /* PhotoWidgetEntry.swift */; };
		295099A62E32349500BD0406 /* NetworkImageView.swift in Sources */ = {isa = PBXBuildFile; fileRef = 295099A52E32349500BD0406 /* NetworkImageView.swift */; };
		295099A82E32354900BD0406 /* PhotoWidgetView.swift in Sources */ = {isa = PBXBuildFile; fileRef = 295099A72E32354900BD0406 /* PhotoWidgetView.swift */; };
		295099AA2E3235B100BD0406 /* PhotoWidgetTimeLineProvider.swift in Sources */ = {isa = PBXBuildFile; fileRef = 295099A92E3235B100BD0406 /* PhotoWidgetTimeLineProvider.swift */; };
		295099AC2E32371200BD0406 /* PhotoWidget.swift in Sources */ = {isa = PBXBuildFile; fileRef = 295099AB2E32371200BD0406 /* PhotoWidget.swift */; };
		295699F32E4248F600258151 /* ExchangeRateWidget.swift in Sources */ = {isa = PBXBuildFile; fileRef = 295699F22E4248F600258151 /* ExchangeRateWidget.swift */; };
		296D48842E311E9E0028419F /* HelloWidgetEntry.swift in Sources */ = {isa = PBXBuildFile; fileRef = 296D48832E311E9E0028419F /* HelloWidgetEntry.swift */; };
		296D48882E311F6A0028419F /* HelloWidgetView.swift in Sources */ = {isa = PBXBuildFile; fileRef = 296D48872E311F6A0028419F /* HelloWidgetView.swift */; };
		296D488A2E3121EB0028419F /* HelloWidgetTimelineProvider.swift in Sources */ = {isa = PBXBuildFile; fileRef = 296D48892E3121EB0028419F /* HelloWidgetTimelineProvider.swift */; };
		296D488C2E31270F0028419F /* HelloStaticWidget.swift in Sources */ = {isa = PBXBuildFile; fileRef = 296D488B2E31270F0028419F /* HelloStaticWidget.swift */; };
		296D488F2E312CE70028419F /* TodayWidgetEntry.swift in Sources */ = {isa = PBXBuildFile; fileRef = 296D488E2E312CE70028419F /* TodayWidgetEntry.swift */; };
		296D48912E312D2E0028419F /* TodayWidgetProvider.swift in Sources */ = {isa = PBXBuildFile; fileRef = 296D48902E312D2E0028419F /* TodayWidgetProvider.swift */; };
		296D48932E312E950028419F /* TodayWidgetView.swift in Sources */ = {isa = PBXBuildFile; fileRef = 296D48922E312E950028419F /* TodayWidgetView.swift */; };
		296D48952E312FDB0028419F /* TodayWidget.swift in Sources */ = {isa = PBXBuildFile; fileRef = 296D48942E312FDB0028419F /* TodayWidget.swift */; };
		298F43C42E3626CB0087F4DC /* WeatherTimeLineEntry.swift in Sources */ = {isa = PBXBuildFile; fileRef = 298F43C32E3626CB0087F4DC /* WeatherTimeLineEntry.swift */; };
		298F43C62E3626D50087F4DC /* WeatherWidget.swift in Sources */ = {isa = PBXBuildFile; fileRef = 298F43C52E3626D50087F4DC /* WeatherWidget.swift */; };
		298F43C82E3626E50087F4DC /* WeatherWidgetEntry.swift in Sources */ = {isa = PBXBuildFile; fileRef = 298F43C72E3626E50087F4DC /* WeatherWidgetEntry.swift */; };
		298F43CA2E3626F80087F4DC /* Weather.swift in Sources */ = {isa = PBXBuildFile; fileRef = 298F43C92E3626F80087F4DC /* Weather.swift */; };
		298F43CC2E36273E0087F4DC /* WeatherResponseObject.swift in Sources */ = {isa = PBXBuildFile; fileRef = 298F43CB2E36273E0087F4DC /* WeatherResponseObject.swift */; };
		298F43CE2E36276C0087F4DC /* WeatherService.swift in Sources */ = {isa = PBXBuildFile; fileRef = 298F43CD2E36276C0087F4DC /* WeatherService.swift */; };
		298F43D02E3629610087F4DC /* WeatherUtil.swift in Sources */ = {isa = PBXBuildFile; fileRef = 298F43CF2E3629610087F4DC /* WeatherUtil.swift */; };
		298F43D22E362ADA0087F4DC /* WeatherConstants.swift in Sources */ = {isa = PBXBuildFile; fileRef = 298F43D12E362ADA0087F4DC /* WeatherConstants.swift */; };
		298F43D42E362CB30087F4DC /* WeatherView.swift in Sources */ = {isa = PBXBuildFile; fileRef = 298F43D32E362CB30087F4DC /* WeatherView.swift */; };
		298FFEA52E3B8B880064178A /* ColorSelection.intentdefinition in Sources */ = {isa = PBXBuildFile; fileRef = 298FFEA42E3B8B880064178A /* ColorSelection.intentdefinition */; };
		298FFEA62E3B8B880064178A /* ColorSelection.intentdefinition in Sources */ = {isa = PBXBuildFile; fileRef = 298FFEA42E3B8B880064178A /* ColorSelection.intentdefinition */; };
		298FFEAA2E3B8C970064178A /* ColorEntry.swift in Sources */ = {isa = PBXBuildFile; fileRef = 298FFEA92E3B8C970064178A /* ColorEntry.swift */; };
		298FFEAB2E3B8C970064178A /* ColorEntry.swift in Sources */ = {isa = PBXBuildFile; fileRef = 298FFEA92E3B8C970064178A /* ColorEntry.swift */; };
		298FFEAD2E3B8CDE0064178A /* ColorWidgetView.swift in Sources */ = {isa = PBXBuildFile; fileRef = 298FFEAC2E3B8CDE0064178A /* ColorWidgetView.swift */; };
		298FFEAE2E3B8CDE0064178A /* ColorWidgetView.swift in Sources */ = {isa = PBXBuildFile; fileRef = 298FFEAC2E3B8CDE0064178A /* ColorWidgetView.swift */; };
		298FFEB02E3B8DAB0064178A /* ColorWidgetTimeLineProvider.swift in Sources */ = {isa = PBXBuildFile; fileRef = 298FFEAF2E3B8DAB0064178A /* ColorWidgetTimeLineProvider.swift */; };
		298FFEB12E3B8DAB0064178A /* ColorWidgetTimeLineProvider.swift in Sources */ = {isa = PBXBuildFile; fileRef = 298FFEAF2E3B8DAB0064178A /* ColorWidgetTimeLineProvider.swift */; };
		298FFEB32E3B8E4B0064178A /* ColorWidget.swift in Sources */ = {isa = PBXBuildFile; fileRef = 298FFEB22E3B8E4B0064178A /* ColorWidget.swift */; };
		298FFEB42E3B8E4B0064178A /* ColorWidget.swift in Sources */ = {isa = PBXBuildFile; fileRef = 298FFEB22E3B8E4B0064178A /* ColorWidget.swift */; };
		29AE47142E3789BA00868031 /* DailyWeatherView.swift in Sources */ = {isa = PBXBuildFile; fileRef = 29AE47132E3789BA00868031 /* DailyWeatherView.swift */; };
		29AE47162E378A4900868031 /* WeatherWidgetView.swift in Sources */ = {isa = PBXBuildFile; fileRef = 29AE47152E378A4900868031 /* WeatherWidgetView.swift */; };
		29C38DA72E30A4DC009B5AC7 /* WidgetKit.framework in Frameworks */ = {isa = PBXBuildFile; fileRef = 29C38DA62E30A4DC009B5AC7 /* WidgetKit.framework */; };
		29C38DA92E30A4DC009B5AC7 /* SwiftUI.framework in Frameworks */ = {isa = PBXBuildFile; fileRef = 29C38DA82E30A4DC009B5AC7 /* SwiftUI.framework */; };
		29C38DB42E30A4DC009B5AC7 /* DevWidgetsExtension.appex in Embed Foundation Extensions */ = {isa = PBXBuildFile; fileRef = 29C38DA42E30A4DC009B5AC7 /* DevWidgetsExtension.appex */; settings = {ATTRIBUTES = (RemoveHeadersOnCopy, ); }; };
		29E945542E3B724700AAD5A9 /* GroceryEntry.swift in Sources */ = {isa = PBXBuildFile; fileRef = 29E945532E3B724700AAD5A9 /* GroceryEntry.swift */; };
		29E945562E3B730000AAD5A9 /* GroceryEntryView.swift in Sources */ = {isa = PBXBuildFile; fileRef = 29E945552E3B730000AAD5A9 /* GroceryEntryView.swift */; };
		29E945582E3B745300AAD5A9 /* GroceryTimeLineProvider.swift in Sources */ = {isa = PBXBuildFile; fileRef = 29E945572E3B745300AAD5A9 /* GroceryTimeLineProvider.swift */; };
		29E9455A2E3B757600AAD5A9 /* GroceryWidget.swift in Sources */ = {isa = PBXBuildFile; fileRef = 29E945592E3B757600AAD5A9 /* GroceryWidget.swift */; };
		29FB03942E41048A000335AD /* ExchangeRateEntry.swift in Sources */ = {isa = PBXBuildFile; fileRef = 29FB03932E41048A000335AD /* ExchangeRateEntry.swift */; };
/* End PBXBuildFile section */

/* Begin PBXContainerItemProxy section */
		29C38DB22E30A4DC009B5AC7 /* PBXContainerItemProxy */ = {
			isa = PBXContainerItemProxy;
			containerPortal = 29C38D872E30A461009B5AC7 /* Project object */;
			proxyType = 1;
			remoteGlobalIDString = 29C38DA32E30A4DC009B5AC7;
			remoteInfo = DevWidgetsExtension;
		};
/* End PBXContainerItemProxy section */

/* Begin PBXCopyFilesBuildPhase section */
		29C38DB92E30A4DC009B5AC7 /* Embed Foundation Extensions */ = {
			isa = PBXCopyFilesBuildPhase;
			buildActionMask = 2147483647;
			dstPath = "";
			dstSubfolderSpec = 13;
			files = (
				29C38DB42E30A4DC009B5AC7 /* DevWidgetsExtension.appex in Embed Foundation Extensions */,
			);
			name = "Embed Foundation Extensions";
			runOnlyForDeploymentPostprocessing = 0;
		};
/* End PBXCopyFilesBuildPhase section */

/* Begin PBXFileReference section */
		290D6F0C2E389BB000811D5E /* WorkoutEntry.swift */ = {isa = PBXFileReference; lastKnownFileType = sourcecode.swift; path = WorkoutEntry.swift; sourceTree = "<group>"; };
		290D6F0E2E389BF300811D5E /* WorkoutTimeLineProvider.swift */ = {isa = PBXFileReference; lastKnownFileType = sourcecode.swift; path = WorkoutTimeLineProvider.swift; sourceTree = "<group>"; };
		290D6F102E389D2300811D5E /* WorkoutWidget.swift */ = {isa = PBXFileReference; lastKnownFileType = sourcecode.swift; path = WorkoutWidget.swift; sourceTree = "<group>"; };
		2911B7D42E3DCF9C00EE1E00 /* Expense.intentdefinition */ = {isa = PBXFileReference; lastKnownFileType = file.intentdefinition; path = Expense.intentdefinition; sourceTree = "<group>"; };
		2911B7D72E3DD09E00EE1E00 /* ExpenseCategory.swift */ = {isa = PBXFileReference; lastKnownFileType = sourcecode.swift; path = ExpenseCategory.swift; sourceTree = "<group>"; };
		2911B7DA2E3DD13E00EE1E00 /* ExpenseEntry.swift */ = {isa = PBXFileReference; lastKnownFileType = sourcecode.swift; path = ExpenseEntry.swift; sourceTree = "<group>"; };
		2911B7DD2E3DD1C400EE1E00 /* ExpenseItemView.swift */ = {isa = PBXFileReference; lastKnownFileType = sourcecode.swift; path = ExpenseItemView.swift; sourceTree = "<group>"; };
		2911B7E02E3DD3B000EE1E00 /* ExpenseWidgetView.swift */ = {isa = PBXFileReference; lastKnownFileType = sourcecode.swift; path = ExpenseWidgetView.swift; sourceTree = "<group>"; };
		2911B7E32E3DD46900EE1E00 /* ExpenseTimeLineProvider.swift */ = {isa = PBXFileReference; lastKnownFileType = sourcecode.swift; path = ExpenseTimeLineProvider.swift; sourceTree = "<group>"; };
		2911B7E62E3DD54600EE1E00 /* ExpenseWidget.swift */ = {isa = PBXFileReference; lastKnownFileType = sourcecode.swift; path = ExpenseWidget.swift; sourceTree = "<group>"; };
		2916AD0C2E41C3D900C5C5B3 /* ExchangeRateEntryView.swift */ = {isa = PBXFileReference; lastKnownFileType = sourcecode.swift; path = ExchangeRateEntryView.swift; sourceTree = "<group>"; };
		2916AD0E2E41C4A100C5C5B3 /* ExchangeRateTimeLineProvider.swift */ = {isa = PBXFileReference; lastKnownFileType = sourcecode.swift; path = ExchangeRateTimeLineProvider.swift; sourceTree = "<group>"; };
		2944E0B82E39DB3000317537 /* DevWidgetsExtension.entitlements */ = {isa = PBXFileReference; lastKnownFileType = text.plist.entitlements; path = DevWidgetsExtension.entitlements; sourceTree = "<group>"; };
		2944E0C22E39DF4D00317537 /* ReminderWidgetEntry.swift */ = {isa = PBXFileReference; lastKnownFileType = sourcecode.swift; path = ReminderWidgetEntry.swift; sourceTree = "<group>"; };
		2944E0C42E39DF9600317537 /* ReminderWidgetView.swift */ = {isa = PBXFileReference; lastKnownFileType = sourcecode.swift; path = ReminderWidgetView.swift; sourceTree = "<group>"; };
		2944E0C62E39E03100317537 /* ReminderTimelineProvider.swift */ = {isa = PBXFileReference; lastKnownFileType = sourcecode.swift; path = ReminderTimelineProvider.swift; sourceTree = "<group>"; };
		2944E0C82E39E0AC00317537 /* ReminderWidget.swift */ = {isa = PBXFileReference; lastKnownFileType = sourcecode.swift; path = ReminderWidget.swift; sourceTree = "<group>"; };
		295099962E3228EF00BD0406 /* Quote.swift */ = {isa = PBXFileReference; lastKnownFileType = sourcecode.swift; path = Quote.swift; sourceTree = "<group>"; };
		295099982E32295800BD0406 /* QuoteService.swift */ = {isa = PBXFileReference; lastKnownFileType = sourcecode.swift; path = QuoteService.swift; sourceTree = "<group>"; };
		2950999A2E322B0F00BD0406 /* QuoteWidgetEntry.swift */ = {isa = PBXFileReference; lastKnownFileType = sourcecode.swift; path = QuoteWidgetEntry.swift; sourceTree = "<group>"; };
		2950999C2E322B3E00BD0406 /* QuoteTimeLineProvider.swift */ = {isa = PBXFileReference; lastKnownFileType = sourcecode.swift; path = QuoteTimeLineProvider.swift; sourceTree = "<group>"; };
		2950999E2E322D1B00BD0406 /* QuoteWidgetView.swift */ = {isa = PBXFileReference; lastKnownFileType = sourcecode.swift; path = QuoteWidgetView.swift; sourceTree = "<group>"; };
		295099A02E322DEE00BD0406 /* QuoteWidget.swift */ = {isa = PBXFileReference; lastKnownFileType = sourcecode.swift; path = QuoteWidget.swift; sourceTree = "<group>"; };
		295099A32E32341E00BD0406 /* PhotoWidgetEntry.swift */ = {isa = PBXFileReference; lastKnownFileType = sourcecode.swift; path = PhotoWidgetEntry.swift; sourceTree = "<group>"; };
		295099A52E32349500BD0406 /* NetworkImageView.swift */ = {isa = PBXFileReference; lastKnownFileType = sourcecode.swift; path = NetworkImageView.swift; sourceTree = "<group>"; };
		295099A72E32354900BD0406 /* PhotoWidgetView.swift */ = {isa = PBXFileReference; lastKnownFileType = sourcecode.swift; path = PhotoWidgetView.swift; sourceTree = "<group>"; };
		295099A92E3235B100BD0406 /* PhotoWidgetTimeLineProvider.swift */ = {isa = PBXFileReference; lastKnownFileType = sourcecode.swift; path = PhotoWidgetTimeLineProvider.swift; sourceTree = "<group>"; };
		295099AB2E32371200BD0406 /* PhotoWidget.swift */ = {isa = PBXFileReference; lastKnownFileType = sourcecode.swift; path = PhotoWidget.swift; sourceTree = "<group>"; };
		295699F22E4248F600258151 /* ExchangeRateWidget.swift */ = {isa = PBXFileReference; lastKnownFileType = sourcecode.swift; path = ExchangeRateWidget.swift; sourceTree = "<group>"; };
		296D48832E311E9E0028419F /* HelloWidgetEntry.swift */ = {isa = PBXFileReference; lastKnownFileType = sourcecode.swift; path = HelloWidgetEntry.swift; sourceTree = "<group>"; };
		296D48872E311F6A0028419F /* HelloWidgetView.swift */ = {isa = PBXFileReference; lastKnownFileType = sourcecode.swift; path = HelloWidgetView.swift; sourceTree = "<group>"; };
		296D48892E3121EB0028419F /* HelloWidgetTimelineProvider.swift */ = {isa = PBXFileReference; lastKnownFileType = sourcecode.swift; path = HelloWidgetTimelineProvider.swift; sourceTree = "<group>"; };
		296D488B2E31270F0028419F /* HelloStaticWidget.swift */ = {isa = PBXFileReference; lastKnownFileType = sourcecode.swift; path = HelloStaticWidget.swift; sourceTree = "<group>"; };
		296D488E2E312CE70028419F /* TodayWidgetEntry.swift */ = {isa = PBXFileReference; lastKnownFileType = sourcecode.swift; path = TodayWidgetEntry.swift; sourceTree = "<group>"; };
		296D48902E312D2E0028419F /* TodayWidgetProvider.swift */ = {isa = PBXFileReference; lastKnownFileType = sourcecode.swift; path = TodayWidgetProvider.swift; sourceTree = "<group>"; };
		296D48922E312E950028419F /* TodayWidgetView.swift */ = {isa = PBXFileReference; lastKnownFileType = sourcecode.swift; path = TodayWidgetView.swift; sourceTree = "<group>"; };
		296D48942E312FDB0028419F /* TodayWidget.swift */ = {isa = PBXFileReference; lastKnownFileType = sourcecode.swift; path = TodayWidget.swift; sourceTree = "<group>"; };
		298F43C32E3626CB0087F4DC /* WeatherTimeLineEntry.swift */ = {isa = PBXFileReference; lastKnownFileType = sourcecode.swift; path = WeatherTimeLineEntry.swift; sourceTree = "<group>"; };
		298F43C52E3626D50087F4DC /* WeatherWidget.swift */ = {isa = PBXFileReference; lastKnownFileType = sourcecode.swift; path = WeatherWidget.swift; sourceTree = "<group>"; };
		298F43C72E3626E50087F4DC /* WeatherWidgetEntry.swift */ = {isa = PBXFileReference; lastKnownFileType = sourcecode.swift; path = WeatherWidgetEntry.swift; sourceTree = "<group>"; };
		298F43C92E3626F80087F4DC /* Weather.swift */ = {isa = PBXFileReference; lastKnownFileType = sourcecode.swift; path = Weather.swift; sourceTree = "<group>"; };
		298F43CB2E36273E0087F4DC /* WeatherResponseObject.swift */ = {isa = PBXFileReference; lastKnownFileType = sourcecode.swift; path = WeatherResponseObject.swift; sourceTree = "<group>"; };
		298F43CD2E36276C0087F4DC /* WeatherService.swift */ = {isa = PBXFileReference; lastKnownFileType = sourcecode.swift; path = WeatherService.swift; sourceTree = "<group>"; };
		298F43CF2E3629610087F4DC /* WeatherUtil.swift */ = {isa = PBXFileReference; lastKnownFileType = sourcecode.swift; path = WeatherUtil.swift; sourceTree = "<group>"; };
		298F43D12E362ADA0087F4DC /* WeatherConstants.swift */ = {isa = PBXFileReference; lastKnownFileType = sourcecode.swift; path = WeatherConstants.swift; sourceTree = "<group>"; };
		298F43D32E362CB30087F4DC /* WeatherView.swift */ = {isa = PBXFileReference; lastKnownFileType = sourcecode.swift; path = WeatherView.swift; sourceTree = "<group>"; };
		298FFEA42E3B8B880064178A /* ColorSelection.intentdefinition */ = {isa = PBXFileReference; lastKnownFileType = file.intentdefinition; path = ColorSelection.intentdefinition; sourceTree = "<group>"; };
		298FFEA92E3B8C970064178A /* ColorEntry.swift */ = {isa = PBXFileReference; lastKnownFileType = sourcecode.swift; path = ColorEntry.swift; sourceTree = "<group>"; };
		298FFEAC2E3B8CDE0064178A /* ColorWidgetView.swift */ = {isa = PBXFileReference; lastKnownFileType = sourcecode.swift; path = ColorWidgetView.swift; sourceTree = "<group>"; };
		298FFEAF2E3B8DAB0064178A /* ColorWidgetTimeLineProvider.swift */ = {isa = PBXFileReference; lastKnownFileType = sourcecode.swift; path = ColorWidgetTimeLineProvider.swift; sourceTree = "<group>"; };
		298FFEB22E3B8E4B0064178A /* ColorWidget.swift */ = {isa = PBXFileReference; lastKnownFileType = sourcecode.swift; path = ColorWidget.swift; sourceTree = "<group>"; };
		29AE47132E3789BA00868031 /* DailyWeatherView.swift */ = {isa = PBXFileReference; lastKnownFileType = sourcecode.swift; path = DailyWeatherView.swift; sourceTree = "<group>"; };
		29AE47152E378A4900868031 /* WeatherWidgetView.swift */ = {isa = PBXFileReference; lastKnownFileType = sourcecode.swift; path = WeatherWidgetView.swift; sourceTree = "<group>"; };
		29C38D8F2E30A461009B5AC7 /* master.widgetkit.app */ = {isa = PBXFileReference; explicitFileType = wrapper.application; includeInIndex = 0; path = master.widgetkit.app; sourceTree = BUILT_PRODUCTS_DIR; };
		29C38DA42E30A4DC009B5AC7 /* DevWidgetsExtension.appex */ = {isa = PBXFileReference; explicitFileType = "wrapper.app-extension"; includeInIndex = 0; path = DevWidgetsExtension.appex; sourceTree = BUILT_PRODUCTS_DIR; };
		29C38DA62E30A4DC009B5AC7 /* WidgetKit.framework */ = {isa = PBXFileReference; lastKnownFileType = wrapper.framework; name = WidgetKit.framework; path = System/Library/Frameworks/WidgetKit.framework; sourceTree = SDKROOT; };
		29C38DA82E30A4DC009B5AC7 /* SwiftUI.framework */ = {isa = PBXFileReference; lastKnownFileType = wrapper.framework; name = SwiftUI.framework; path = System/Library/Frameworks/SwiftUI.framework; sourceTree = SDKROOT; };
		29E945532E3B724700AAD5A9 /* GroceryEntry.swift */ = {isa = PBXFileReference; lastKnownFileType = sourcecode.swift; path = GroceryEntry.swift; sourceTree = "<group>"; };
		29E945552E3B730000AAD5A9 /* GroceryEntryView.swift */ = {isa = PBXFileReference; lastKnownFileType = sourcecode.swift; path = GroceryEntryView.swift; sourceTree = "<group>"; };
		29E945572E3B745300AAD5A9 /* GroceryTimeLineProvider.swift */ = {isa = PBXFileReference; lastKnownFileType = sourcecode.swift; path = GroceryTimeLineProvider.swift; sourceTree = "<group>"; };
		29E945592E3B757600AAD5A9 /* GroceryWidget.swift */ = {isa = PBXFileReference; lastKnownFileType = sourcecode.swift; path = GroceryWidget.swift; sourceTree = "<group>"; };
		29FB03932E41048A000335AD /* ExchangeRateEntry.swift */ = {isa = PBXFileReference; lastKnownFileType = sourcecode.swift; path = ExchangeRateEntry.swift; sourceTree = "<group>"; };
/* End PBXFileReference section */

/* Begin PBXFileSystemSynchronizedBuildFileExceptionSet section */
		290D6F072E38987900811D5E /* Exceptions for "master.widgetkit" folder in "DevWidgetsExtension" target */ = {
			isa = PBXFileSystemSynchronizedBuildFileExceptionSet;
			membershipExceptions = (
				ExchangeRateApp/Country.swift,
				ExchangeRateApp/CountryExchangeRateView.swift,
				ExchangeRateApp/CountryListCell.swift,
				ExchangeRateApp/ExchangeRate.swift,
				ExchangeRateApp/ExchangeRateApp.swift,
				ExchangeRateApp/ExchangeRateService.swift,
				"Grocery/Colors+extensions.swift",
				Grocery/CoreDataManager.swift,
				Grocery/Grocery.xcdatamodeld,
				Grocery/GroceryConstants.swift,
				Grocery/GroceryView.swift,
				RemindersApp/RemindersConstants.swift,
				WorkoutTracker/Workout.swift,
				WorkoutTracker/WorkoutView.swift,
			);
			target = 29C38DA32E30A4DC009B5AC7 /* DevWidgetsExtension */;
		};
		29C38DB52E30A4DC009B5AC7 /* Exceptions for "DevWidgets" folder in "DevWidgetsExtension" target */ = {
			isa = PBXFileSystemSynchronizedBuildFileExceptionSet;
			membershipExceptions = (
				Info.plist,
			);
			target = 29C38DA32E30A4DC009B5AC7 /* DevWidgetsExtension */;
		};
/* End PBXFileSystemSynchronizedBuildFileExceptionSet section */

/* Begin PBXFileSystemSynchronizedRootGroup section */
		29C38D912E30A461009B5AC7 /* master.widgetkit */ = {
			isa = PBXFileSystemSynchronizedRootGroup;
			exceptions = (
				290D6F072E38987900811D5E /* Exceptions for "master.widgetkit" folder in "DevWidgetsExtension" target */,
			);
			path = master.widgetkit;
			sourceTree = "<group>";
		};
		29C38DAA2E30A4DC009B5AC7 /* DevWidgets */ = {
			isa = PBXFileSystemSynchronizedRootGroup;
			exceptions = (
				29C38DB52E30A4DC009B5AC7 /* Exceptions for "DevWidgets" folder in "DevWidgetsExtension" target */,
			);
			path = DevWidgets;
			sourceTree = "<group>";
		};
/* End PBXFileSystemSynchronizedRootGroup section */

/* Begin PBXFrameworksBuildPhase section */
		29C38D8C2E30A461009B5AC7 /* Frameworks */ = {
			isa = PBXFrameworksBuildPhase;
			buildActionMask = 2147483647;
			files = (
			);
			runOnlyForDeploymentPostprocessing = 0;
		};
		29C38DA12E30A4DC009B5AC7 /* Frameworks */ = {
			isa = PBXFrameworksBuildPhase;
			buildActionMask = 2147483647;
			files = (
				29C38DA92E30A4DC009B5AC7 /* SwiftUI.framework in Frameworks */,
				29C38DA72E30A4DC009B5AC7 /* WidgetKit.framework in Frameworks */,
			);
			runOnlyForDeploymentPostprocessing = 0;
		};
/* End PBXFrameworksBuildPhase section */

/* Begin PBXGroup section */
		290D6F0B2E389B6E00811D5E /* WorkoutWidget */ = {
			isa = PBXGroup;
			children = (
				290D6F0C2E389BB000811D5E /* WorkoutEntry.swift */,
				290D6F0E2E389BF300811D5E /* WorkoutTimeLineProvider.swift */,
				290D6F102E389D2300811D5E /* WorkoutWidget.swift */,
			);
			path = WorkoutWidget;
			sourceTree = "<group>";
		};
		2911B7D32E3DCF7D00EE1E00 /* ExpenseWidget */ = {
			isa = PBXGroup;
			children = (
				2911B7D42E3DCF9C00EE1E00 /* Expense.intentdefinition */,
				2911B7D72E3DD09E00EE1E00 /* ExpenseCategory.swift */,
				2911B7DA2E3DD13E00EE1E00 /* ExpenseEntry.swift */,
				2911B7DD2E3DD1C400EE1E00 /* ExpenseItemView.swift */,
				2911B7E02E3DD3B000EE1E00 /* ExpenseWidgetView.swift */,
				2911B7E32E3DD46900EE1E00 /* ExpenseTimeLineProvider.swift */,
				2911B7E62E3DD54600EE1E00 /* ExpenseWidget.swift */,
			);
			path = ExpenseWidget;
			sourceTree = "<group>";
		};
		2944E0C12E39DF1F00317537 /* RemindersWidget */ = {
			isa = PBXGroup;
			children = (
				2944E0C22E39DF4D00317537 /* ReminderWidgetEntry.swift */,
				2944E0C42E39DF9600317537 /* ReminderWidgetView.swift */,
				2944E0C62E39E03100317537 /* ReminderTimelineProvider.swift */,
				2944E0C82E39E0AC00317537 /* ReminderWidget.swift */,
			);
			path = RemindersWidget;
			sourceTree = "<group>";
		};
		295099952E32289600BD0406 /* QuotesWidget */ = {
			isa = PBXGroup;
			children = (
				295099962E3228EF00BD0406 /* Quote.swift */,
				295099982E32295800BD0406 /* QuoteService.swift */,
				2950999A2E322B0F00BD0406 /* QuoteWidgetEntry.swift */,
				2950999C2E322B3E00BD0406 /* QuoteTimeLineProvider.swift */,
				2950999E2E322D1B00BD0406 /* QuoteWidgetView.swift */,
				295099A02E322DEE00BD0406 /* QuoteWidget.swift */,
			);
			path = QuotesWidget;
			sourceTree = "<group>";
		};
		295099A22E3233EF00BD0406 /* PhotoWidget */ = {
			isa = PBXGroup;
			children = (
				295099A32E32341E00BD0406 /* PhotoWidgetEntry.swift */,
				295099A52E32349500BD0406 /* NetworkImageView.swift */,
				295099A72E32354900BD0406 /* PhotoWidgetView.swift */,
				295099A92E3235B100BD0406 /* PhotoWidgetTimeLineProvider.swift */,
				295099AB2E32371200BD0406 /* PhotoWidget.swift */,
			);
			path = PhotoWidget;
			sourceTree = "<group>";
		};
		296D48822E311E560028419F /* HelloStaticWidget */ = {
			isa = PBXGroup;
			children = (
				296D48832E311E9E0028419F /* HelloWidgetEntry.swift */,
				296D48872E311F6A0028419F /* HelloWidgetView.swift */,
				296D48892E3121EB0028419F /* HelloWidgetTimelineProvider.swift */,
				296D488B2E31270F0028419F /* HelloStaticWidget.swift */,
			);
			path = HelloStaticWidget;
			sourceTree = "<group>";
		};
		296D488D2E312C9C0028419F /* TodayWidget */ = {
			isa = PBXGroup;
			children = (
				296D488E2E312CE70028419F /* TodayWidgetEntry.swift */,
				296D48902E312D2E0028419F /* TodayWidgetProvider.swift */,
				296D48922E312E950028419F /* TodayWidgetView.swift */,
				296D48942E312FDB0028419F /* TodayWidget.swift */,
			);
			path = TodayWidget;
			sourceTree = "<group>";
		};
		298F43C22E3626A70087F4DC /* WeatherWidget */ = {
			isa = PBXGroup;
			children = (
				298F43C32E3626CB0087F4DC /* WeatherTimeLineEntry.swift */,
				298F43C52E3626D50087F4DC /* WeatherWidget.swift */,
				298F43C72E3626E50087F4DC /* WeatherWidgetEntry.swift */,
				298F43C92E3626F80087F4DC /* Weather.swift */,
				298F43CB2E36273E0087F4DC /* WeatherResponseObject.swift */,
				298F43CD2E36276C0087F4DC /* WeatherService.swift */,
				298F43CF2E3629610087F4DC /* WeatherUtil.swift */,
				298F43D12E362ADA0087F4DC /* WeatherConstants.swift */,
				298F43D32E362CB30087F4DC /* WeatherView.swift */,
				29AE47132E3789BA00868031 /* DailyWeatherView.swift */,
				29AE47152E378A4900868031 /* WeatherWidgetView.swift */,
			);
			path = WeatherWidget;
			sourceTree = "<group>";
		};
		298FFEA32E3B8B510064178A /* ColorWidget */ = {
			isa = PBXGroup;
			children = (
				298FFEA42E3B8B880064178A /* ColorSelection.intentdefinition */,
				298FFEA92E3B8C970064178A /* ColorEntry.swift */,
				298FFEAC2E3B8CDE0064178A /* ColorWidgetView.swift */,
				298FFEAF2E3B8DAB0064178A /* ColorWidgetTimeLineProvider.swift */,
				298FFEB22E3B8E4B0064178A /* ColorWidget.swift */,
			);
			path = ColorWidget;
			sourceTree = "<group>";
		};
		29C38D862E30A461009B5AC7 = {
			isa = PBXGroup;
			children = (
				29FB037A2E40F8A0000335AD /* ExchangeRateWidget */,
				2911B7D32E3DCF7D00EE1E00 /* ExpenseWidget */,
				298FFEA32E3B8B510064178A /* ColorWidget */,
				29E945522E3B721B00AAD5A9 /* GroceryWidget */,
				2944E0C12E39DF1F00317537 /* RemindersWidget */,
				2944E0B82E39DB3000317537 /* DevWidgetsExtension.entitlements */,
				290D6F0B2E389B6E00811D5E /* WorkoutWidget */,
				298F43C22E3626A70087F4DC /* WeatherWidget */,
				295099A22E3233EF00BD0406 /* PhotoWidget */,
				295099952E32289600BD0406 /* QuotesWidget */,
				296D488D2E312C9C0028419F /* TodayWidget */,
				296D48822E311E560028419F /* HelloStaticWidget */,
				29C38D912E30A461009B5AC7 /* master.widgetkit */,
				29C38DAA2E30A4DC009B5AC7 /* DevWidgets */,
				29C38DA52E30A4DC009B5AC7 /* Frameworks */,
				29C38D902E30A461009B5AC7 /* Products */,
			);
			sourceTree = "<group>";
		};
		29C38D902E30A461009B5AC7 /* Products */ = {
			isa = PBXGroup;
			children = (
				29C38D8F2E30A461009B5AC7 /* master.widgetkit.app */,
				29C38DA42E30A4DC009B5AC7 /* DevWidgetsExtension.appex */,
			);
			name = Products;
			sourceTree = "<group>";
		};
		29C38DA52E30A4DC009B5AC7 /* Frameworks */ = {
			isa = PBXGroup;
			children = (
				29C38DA62E30A4DC009B5AC7 /* WidgetKit.framework */,
				29C38DA82E30A4DC009B5AC7 /* SwiftUI.framework */,
			);
			name = Frameworks;
			sourceTree = "<group>";
		};
		29E945522E3B721B00AAD5A9 /* GroceryWidget */ = {
			isa = PBXGroup;
			children = (
				29E945532E3B724700AAD5A9 /* GroceryEntry.swift */,
				29E945552E3B730000AAD5A9 /* GroceryEntryView.swift */,
				29E945572E3B745300AAD5A9 /* GroceryTimeLineProvider.swift */,
				29E945592E3B757600AAD5A9 /* GroceryWidget.swift */,
			);
			path = GroceryWidget;
			sourceTree = "<group>";
		};
		29FB037A2E40F8A0000335AD /* ExchangeRateWidget */ = {
			isa = PBXGroup;
			children = (
				29FB03932E41048A000335AD /* ExchangeRateEntry.swift */,
				2916AD0C2E41C3D900C5C5B3 /* ExchangeRateEntryView.swift */,
				2916AD0E2E41C4A100C5C5B3 /* ExchangeRateTimeLineProvider.swift */,
				295699F22E4248F600258151 /* ExchangeRateWidget.swift */,
			);
			path = ExchangeRateWidget;
			sourceTree = "<group>";
		};
/* End PBXGroup section */

/* Begin PBXNativeTarget section */
		29C38D8E2E30A461009B5AC7 /* master.widgetkit */ = {
			isa = PBXNativeTarget;
			buildConfigurationList = 29C38D9D2E30A462009B5AC7 /* Build configuration list for PBXNativeTarget "master.widgetkit" */;
			buildPhases = (
				29C38D8B2E30A461009B5AC7 /* Sources */,
				29C38D8C2E30A461009B5AC7 /* Frameworks */,
				29C38D8D2E30A461009B5AC7 /* Resources */,
				29C38DB92E30A4DC009B5AC7 /* Embed Foundation Extensions */,
			);
			buildRules = (
			);
			dependencies = (
				29C38DB32E30A4DC009B5AC7 /* PBXTargetDependency */,
			);
			fileSystemSynchronizedGroups = (
				29C38D912E30A461009B5AC7 /* master.widgetkit */,
			);
			name = master.widgetkit;
			packageProductDependencies = (
			);
			productName = master.widgetkit;
			productReference = 29C38D8F2E30A461009B5AC7 /* master.widgetkit.app */;
			productType = "com.apple.product-type.application";
		};
		29C38DA32E30A4DC009B5AC7 /* DevWidgetsExtension */ = {
			isa = PBXNativeTarget;
			buildConfigurationList = 29C38DB62E30A4DC009B5AC7 /* Build configuration list for PBXNativeTarget "DevWidgetsExtension" */;
			buildPhases = (
				29C38DA02E30A4DC009B5AC7 /* Sources */,
				29C38DA12E30A4DC009B5AC7 /* Frameworks */,
				29C38DA22E30A4DC009B5AC7 /* Resources */,
			);
			buildRules = (
			);
			dependencies = (
			);
			fileSystemSynchronizedGroups = (
				29C38DAA2E30A4DC009B5AC7 /* DevWidgets */,
			);
			name = DevWidgetsExtension;
			packageProductDependencies = (
			);
			productName = DevWidgetsExtension;
			productReference = 29C38DA42E30A4DC009B5AC7 /* DevWidgetsExtension.appex */;
			productType = "com.apple.product-type.app-extension";
		};
/* End PBXNativeTarget section */

/* Begin PBXProject section */
		29C38D872E30A461009B5AC7 /* Project object */ = {
			isa = PBXProject;
			attributes = {
				BuildIndependentTargetsInParallel = 1;
				LastSwiftUpdateCheck = 1620;
				LastUpgradeCheck = 1620;
				TargetAttributes = {
					29C38D8E2E30A461009B5AC7 = {
						CreatedOnToolsVersion = 16.2;
					};
					29C38DA32E30A4DC009B5AC7 = {
						CreatedOnToolsVersion = 16.2;
					};
				};
			};
			buildConfigurationList = 29C38D8A2E30A461009B5AC7 /* Build configuration list for PBXProject "master.widgetkit" */;
			developmentRegion = en;
			hasScannedForEncodings = 0;
			knownRegions = (
				en,
				Base,
			);
			mainGroup = 29C38D862E30A461009B5AC7;
			minimizedProjectReferenceProxies = 1;
			preferredProjectObjectVersion = 77;
			productRefGroup = 29C38D902E30A461009B5AC7 /* Products */;
			projectDirPath = "";
			projectRoot = "";
			targets = (
				29C38D8E2E30A461009B5AC7 /* master.widgetkit */,
				29C38DA32E30A4DC009B5AC7 /* DevWidgetsExtension */,
			);
		};
/* End PBXProject section */

/* Begin PBXResourcesBuildPhase section */
		29C38D8D2E30A461009B5AC7 /* Resources */ = {
			isa = PBXResourcesBuildPhase;
			buildActionMask = 2147483647;
			files = (
			);
			runOnlyForDeploymentPostprocessing = 0;
		};
		29C38DA22E30A4DC009B5AC7 /* Resources */ = {
			isa = PBXResourcesBuildPhase;
			buildActionMask = 2147483647;
			files = (
			);
			runOnlyForDeploymentPostprocessing = 0;
		};
/* End PBXResourcesBuildPhase section */

/* Begin PBXSourcesBuildPhase section */
		29C38D8B2E30A461009B5AC7 /* Sources */ = {
			isa = PBXSourcesBuildPhase;
			buildActionMask = 2147483647;
			files = (
				2911B7E82E3DD54600EE1E00 /* ExpenseWidget.swift in Sources */,
				2911B7DC2E3DD13E00EE1E00 /* ExpenseEntry.swift in Sources */,
				2911B7E42E3DD46900EE1E00 /* ExpenseTimeLineProvider.swift in Sources */,
				2911B7D82E3DD09E00EE1E00 /* ExpenseCategory.swift in Sources */,
				2911B7DE2E3DD1C400EE1E00 /* ExpenseItemView.swift in Sources */,
				298FFEB32E3B8E4B0064178A /* ColorWidget.swift in Sources */,
				298FFEB12E3B8DAB0064178A /* ColorWidgetTimeLineProvider.swift in Sources */,
				298FFEAB2E3B8C970064178A /* ColorEntry.swift in Sources */,
				2911B7D52E3DCF9C00EE1E00 /* Expense.intentdefinition in Sources */,
				2911B7E22E3DD3B000EE1E00 /* ExpenseWidgetView.swift in Sources */,
				298FFEA52E3B8B880064178A /* ColorSelection.intentdefinition in Sources */,
				298FFEAD2E3B8CDE0064178A /* ColorWidgetView.swift in Sources */,
			);
			runOnlyForDeploymentPostprocessing = 0;
		};
		29C38DA02E30A4DC009B5AC7 /* Sources */ = {
			isa = PBXSourcesBuildPhase;
			buildActionMask = 2147483647;
			files = (
				2911B7E72E3DD54600EE1E00 /* ExpenseWidget.swift in Sources */,
				2950999D2E322B3E00BD0406 /* QuoteTimeLineProvider.swift in Sources */,
				2944E0C72E39E03100317537 /* ReminderTimelineProvider.swift in Sources */,
				298FFEAA2E3B8C970064178A /* ColorEntry.swift in Sources */,
				290D6F0F2E389BF300811D5E /* WorkoutTimeLineProvider.swift in Sources */,
				295699F32E4248F600258151 /* ExchangeRateWidget.swift in Sources */,
				2911B7E52E3DD46900EE1E00 /* ExpenseTimeLineProvider.swift in Sources */,
				2916AD0F2E41C4A100C5C5B3 /* ExchangeRateTimeLineProvider.swift in Sources */,
				29AE47162E378A4900868031 /* WeatherWidgetView.swift in Sources */,
				298F43D22E362ADA0087F4DC /* WeatherConstants.swift in Sources */,
				298F43CE2E36276C0087F4DC /* WeatherService.swift in Sources */,
				298F43C82E3626E50087F4DC /* WeatherWidgetEntry.swift in Sources */,
				2911B7DB2E3DD13E00EE1E00 /* ExpenseEntry.swift in Sources */,
				298FFEA62E3B8B880064178A /* ColorSelection.intentdefinition in Sources */,
				296D48932E312E950028419F /* TodayWidgetView.swift in Sources */,
				290D6F0D2E389BB000811D5E /* WorkoutEntry.swift in Sources */,
				2944E0C92E39E0AC00317537 /* ReminderWidget.swift in Sources */,
				296D48952E312FDB0028419F /* TodayWidget.swift in Sources */,
				296D48842E311E9E0028419F /* HelloWidgetEntry.swift in Sources */,
				2911B7D92E3DD09E00EE1E00 /* ExpenseCategory.swift in Sources */,
				290D6F112E389D2300811D5E /* WorkoutWidget.swift in Sources */,
				296D488F2E312CE70028419F /* TodayWidgetEntry.swift in Sources */,
				2916AD0D2E41C3D900C5C5B3 /* ExchangeRateEntryView.swift in Sources */,
				2950999B2E322B0F00BD0406 /* QuoteWidgetEntry.swift in Sources */,
				2944E0C52E39DF9600317537 /* ReminderWidgetView.swift in Sources */,
				29AE47142E3789BA00868031 /* DailyWeatherView.swift in Sources */,
				2944E0C32E39DF4D00317537 /* ReminderWidgetEntry.swift in Sources */,
				295099992E32295800BD0406 /* QuoteService.swift in Sources */,
				29E945582E3B745300AAD5A9 /* GroceryTimeLineProvider.swift in Sources */,
				295099A62E32349500BD0406 /* NetworkImageView.swift in Sources */,
				295099AA2E3235B100BD0406 /* PhotoWidgetTimeLineProvider.swift in Sources */,
				29E945562E3B730000AAD5A9 /* GroceryEntryView.swift in Sources */,
				29E945542E3B724700AAD5A9 /* GroceryEntry.swift in Sources */,
				296D488A2E3121EB0028419F /* HelloWidgetTimelineProvider.swift in Sources */,
				296D48912E312D2E0028419F /* TodayWidgetProvider.swift in Sources */,
				296D488C2E31270F0028419F /* HelloStaticWidget.swift in Sources */,
				298FFEB42E3B8E4B0064178A /* ColorWidget.swift in Sources */,
				298F43D42E362CB30087F4DC /* WeatherView.swift in Sources */,
				29E9455A2E3B757600AAD5A9 /* GroceryWidget.swift in Sources */,
				296D48882E311F6A0028419F /* HelloWidgetView.swift in Sources */,
				298F43CA2E3626F80087F4DC /* Weather.swift in Sources */,
				298F43C62E3626D50087F4DC /* WeatherWidget.swift in Sources */,
				295099AC2E32371200BD0406 /* PhotoWidget.swift in Sources */,
				298F43D02E3629610087F4DC /* WeatherUtil.swift in Sources */,
				29FB03942E41048A000335AD /* ExchangeRateEntry.swift in Sources */,
				298F43CC2E36273E0087F4DC /* WeatherResponseObject.swift in Sources */,
				2911B7D62E3DCF9C00EE1E00 /* Expense.intentdefinition in Sources */,
				295099A82E32354900BD0406 /* PhotoWidgetView.swift in Sources */,
				295099972E3228EF00BD0406 /* Quote.swift in Sources */,
				298F43C42E3626CB0087F4DC /* WeatherTimeLineEntry.swift in Sources */,
				295099A42E32341E00BD0406 /* PhotoWidgetEntry.swift in Sources */,
				2911B7E12E3DD3B000EE1E00 /* ExpenseWidgetView.swift in Sources */,
				298FFEB02E3B8DAB0064178A /* ColorWidgetTimeLineProvider.swift in Sources */,
				298FFEAE2E3B8CDE0064178A /* ColorWidgetView.swift in Sources */,
				295099A12E322DEE00BD0406 /* QuoteWidget.swift in Sources */,
				2911B7DF2E3DD1C400EE1E00 /* ExpenseItemView.swift in Sources */,
				2950999F2E322D1B00BD0406 /* QuoteWidgetView.swift in Sources */,
			);
			runOnlyForDeploymentPostprocessing = 0;
		};
/* End PBXSourcesBuildPhase section */

/* Begin PBXTargetDependency section */
		29C38DB32E30A4DC009B5AC7 /* PBXTargetDependency */ = {
			isa = PBXTargetDependency;
			target = 29C38DA32E30A4DC009B5AC7 /* DevWidgetsExtension */;
			targetProxy = 29C38DB22E30A4DC009B5AC7 /* PBXContainerItemProxy */;
		};
/* End PBXTargetDependency section */

/* Begin XCBuildConfiguration section */
		29C38D9B2E30A462009B5AC7 /* Debug */ = {
			isa = XCBuildConfiguration;
			buildSettings = {
				ALWAYS_SEARCH_USER_PATHS = NO;
				ASSETCATALOG_COMPILER_GENERATE_SWIFT_ASSET_SYMBOL_EXTENSIONS = YES;
				CLANG_ANALYZER_NONNULL = YES;
				CLANG_ANALYZER_NUMBER_OBJECT_CONVERSION = YES_AGGRESSIVE;
				CLANG_CXX_LANGUAGE_STANDARD = "gnu++20";
				CLANG_ENABLE_MODULES = YES;
				CLANG_ENABLE_OBJC_ARC = YES;
				CLANG_ENABLE_OBJC_WEAK = YES;
				CLANG_WARN_BLOCK_CAPTURE_AUTORELEASING = YES;
				CLANG_WARN_BOOL_CONVERSION = YES;
				CLANG_WARN_COMMA = YES;
				CLANG_WARN_CONSTANT_CONVERSION = YES;
				CLANG_WARN_DEPRECATED_OBJC_IMPLEMENTATIONS = YES;
				CLANG_WARN_DIRECT_OBJC_ISA_USAGE = YES_ERROR;
				CLANG_WARN_DOCUMENTATION_COMMENTS = YES;
				CLANG_WARN_EMPTY_BODY = YES;
				CLANG_WARN_ENUM_CONVERSION = YES;
				CLANG_WARN_INFINITE_RECURSION = YES;
				CLANG_WARN_INT_CONVERSION = YES;
				CLANG_WARN_NON_LITERAL_NULL_CONVERSION = YES;
				CLANG_WARN_OBJC_IMPLICIT_RETAIN_SELF = YES;
				CLANG_WARN_OBJC_LITERAL_CONVERSION = YES;
				CLANG_WARN_OBJC_ROOT_CLASS = YES_ERROR;
				CLANG_WARN_QUOTED_INCLUDE_IN_FRAMEWORK_HEADER = YES;
				CLANG_WARN_RANGE_LOOP_ANALYSIS = YES;
				CLANG_WARN_STRICT_PROTOTYPES = YES;
				CLANG_WARN_SUSPICIOUS_MOVE = YES;
				CLANG_WARN_UNGUARDED_AVAILABILITY = YES_AGGRESSIVE;
				CLANG_WARN_UNREACHABLE_CODE = YES;
				CLANG_WARN__DUPLICATE_METHOD_MATCH = YES;
				COPY_PHASE_STRIP = NO;
				DEBUG_INFORMATION_FORMAT = dwarf;
				ENABLE_STRICT_OBJC_MSGSEND = YES;
				ENABLE_TESTABILITY = YES;
				ENABLE_USER_SCRIPT_SANDBOXING = YES;
				GCC_C_LANGUAGE_STANDARD = gnu17;
				GCC_DYNAMIC_NO_PIC = NO;
				GCC_NO_COMMON_BLOCKS = YES;
				GCC_OPTIMIZATION_LEVEL = 0;
				GCC_PREPROCESSOR_DEFINITIONS = (
					"DEBUG=1",
					"$(inherited)",
				);
				GCC_WARN_64_TO_32_BIT_CONVERSION = YES;
				GCC_WARN_ABOUT_RETURN_TYPE = YES_ERROR;
				GCC_WARN_UNDECLARED_SELECTOR = YES;
				GCC_WARN_UNINITIALIZED_AUTOS = YES_AGGRESSIVE;
				GCC_WARN_UNUSED_FUNCTION = YES;
				GCC_WARN_UNUSED_VARIABLE = YES;
				IPHONEOS_DEPLOYMENT_TARGET = 18.2;
				LOCALIZATION_PREFERS_STRING_CATALOGS = YES;
				MTL_ENABLE_DEBUG_INFO = INCLUDE_SOURCE;
				MTL_FAST_MATH = YES;
				ONLY_ACTIVE_ARCH = YES;
				SDKROOT = iphoneos;
				SWIFT_ACTIVE_COMPILATION_CONDITIONS = "DEBUG $(inherited)";
				SWIFT_OPTIMIZATION_LEVEL = "-Onone";
			};
			name = Debug;
		};
		29C38D9C2E30A462009B5AC7 /* Release */ = {
			isa = XCBuildConfiguration;
			buildSettings = {
				ALWAYS_SEARCH_USER_PATHS = NO;
				ASSETCATALOG_COMPILER_GENERATE_SWIFT_ASSET_SYMBOL_EXTENSIONS = YES;
				CLANG_ANALYZER_NONNULL = YES;
				CLANG_ANALYZER_NUMBER_OBJECT_CONVERSION = YES_AGGRESSIVE;
				CLANG_CXX_LANGUAGE_STANDARD = "gnu++20";
				CLANG_ENABLE_MODULES = YES;
				CLANG_ENABLE_OBJC_ARC = YES;
				CLANG_ENABLE_OBJC_WEAK = YES;
				CLANG_WARN_BLOCK_CAPTURE_AUTORELEASING = YES;
				CLANG_WARN_BOOL_CONVERSION = YES;
				CLANG_WARN_COMMA = YES;
				CLANG_WARN_CONSTANT_CONVERSION = YES;
				CLANG_WARN_DEPRECATED_OBJC_IMPLEMENTATIONS = YES;
				CLANG_WARN_DIRECT_OBJC_ISA_USAGE = YES_ERROR;
				CLANG_WARN_DOCUMENTATION_COMMENTS = YES;
				CLANG_WARN_EMPTY_BODY = YES;
				CLANG_WARN_ENUM_CONVERSION = YES;
				CLANG_WARN_INFINITE_RECURSION = YES;
				CLANG_WARN_INT_CONVERSION = YES;
				CLANG_WARN_NON_LITERAL_NULL_CONVERSION = YES;
				CLANG_WARN_OBJC_IMPLICIT_RETAIN_SELF = YES;
				CLANG_WARN_OBJC_LITERAL_CONVERSION = YES;
				CLANG_WARN_OBJC_ROOT_CLASS = YES_ERROR;
				CLANG_WARN_QUOTED_INCLUDE_IN_FRAMEWORK_HEADER = YES;
				CLANG_WARN_RANGE_LOOP_ANALYSIS = YES;
				CLANG_WARN_STRICT_PROTOTYPES = YES;
				CLANG_WARN_SUSPICIOUS_MOVE = YES;
				CLANG_WARN_UNGUARDED_AVAILABILITY = YES_AGGRESSIVE;
				CLANG_WARN_UNREACHABLE_CODE = YES;
				CLANG_WARN__DUPLICATE_METHOD_MATCH = YES;
				COPY_PHASE_STRIP = NO;
				DEBUG_INFORMATION_FORMAT = "dwarf-with-dsym";
				ENABLE_NS_ASSERTIONS = NO;
				ENABLE_STRICT_OBJC_MSGSEND = YES;
				ENABLE_USER_SCRIPT_SANDBOXING = YES;
				GCC_C_LANGUAGE_STANDARD = gnu17;
				GCC_NO_COMMON_BLOCKS = YES;
				GCC_WARN_64_TO_32_BIT_CONVERSION = YES;
				GCC_WARN_ABOUT_RETURN_TYPE = YES_ERROR;
				GCC_WARN_UNDECLARED_SELECTOR = YES;
				GCC_WARN_UNINITIALIZED_AUTOS = YES_AGGRESSIVE;
				GCC_WARN_UNUSED_FUNCTION = YES;
				GCC_WARN_UNUSED_VARIABLE = YES;
				IPHONEOS_DEPLOYMENT_TARGET = 18.2;
				LOCALIZATION_PREFERS_STRING_CATALOGS = YES;
				MTL_ENABLE_DEBUG_INFO = NO;
				MTL_FAST_MATH = YES;
				SDKROOT = iphoneos;
				SWIFT_COMPILATION_MODE = wholemodule;
				VALIDATE_PRODUCT = YES;
			};
			name = Release;
		};
		29C38D9E2E30A462009B5AC7 /* Debug */ = {
			isa = XCBuildConfiguration;
			buildSettings = {
				ASSETCATALOG_COMPILER_APPICON_NAME = AppIcon;
				ASSETCATALOG_COMPILER_GLOBAL_ACCENT_COLOR_NAME = AccentColor;
				CODE_SIGN_ENTITLEMENTS = master.widgetkit/master.widgetkit.entitlements;
				CODE_SIGN_STYLE = Automatic;
				CURRENT_PROJECT_VERSION = 1;
				DEVELOPMENT_ASSET_PATHS = "\"master.widgetkit/Preview Content\"";
				DEVELOPMENT_TEAM = L574JWL2Z6;
				ENABLE_PREVIEWS = YES;
				GENERATE_INFOPLIST_FILE = YES;
				INFOPLIST_FILE = "master-widgetkit-Info.plist";
				INFOPLIST_KEY_UIApplicationSceneManifest_Generation = YES;
				INFOPLIST_KEY_UIApplicationSupportsIndirectInputEvents = YES;
				INFOPLIST_KEY_UILaunchScreen_Generation = YES;
				INFOPLIST_KEY_UISupportedInterfaceOrientations_iPad = "UIInterfaceOrientationPortrait UIInterfaceOrientationPortraitUpsideDown UIInterfaceOrientationLandscapeLeft UIInterfaceOrientationLandscapeRight";
				INFOPLIST_KEY_UISupportedInterfaceOrientations_iPhone = "UIInterfaceOrientationPortrait UIInterfaceOrientationLandscapeLeft UIInterfaceOrientationLandscapeRight";
				LD_RUNPATH_SEARCH_PATHS = (
					"$(inherited)",
					"@executable_path/Frameworks",
				);
				MARKETING_VERSION = 1.0;
				PRODUCT_BUNDLE_IDENTIFIER = "com.pranav.master-widgetkit";
				PRODUCT_NAME = "$(TARGET_NAME)";
				SWIFT_EMIT_LOC_STRINGS = YES;
				SWIFT_VERSION = 5.0;
				TARGETED_DEVICE_FAMILY = "1,2";
			};
			name = Debug;
		};
		29C38D9F2E30A462009B5AC7 /* Release */ = {
			isa = XCBuildConfiguration;
			buildSettings = {
				ASSETCATALOG_COMPILER_APPICON_NAME = AppIcon;
				ASSETCATALOG_COMPILER_GLOBAL_ACCENT_COLOR_NAME = AccentColor;
				CODE_SIGN_ENTITLEMENTS = master.widgetkit/master.widgetkit.entitlements;
				CODE_SIGN_STYLE = Automatic;
				CURRENT_PROJECT_VERSION = 1;
				DEVELOPMENT_ASSET_PATHS = "\"master.widgetkit/Preview Content\"";
				DEVELOPMENT_TEAM = L574JWL2Z6;
				ENABLE_PREVIEWS = YES;
				GENERATE_INFOPLIST_FILE = YES;
				INFOPLIST_FILE = "master-widgetkit-Info.plist";
				INFOPLIST_KEY_UIApplicationSceneManifest_Generation = YES;
				INFOPLIST_KEY_UIApplicationSupportsIndirectInputEvents = YES;
				INFOPLIST_KEY_UILaunchScreen_Generation = YES;
				INFOPLIST_KEY_UISupportedInterfaceOrientations_iPad = "UIInterfaceOrientationPortrait UIInterfaceOrientationPortraitUpsideDown UIInterfaceOrientationLandscapeLeft UIInterfaceOrientationLandscapeRight";
				INFOPLIST_KEY_UISupportedInterfaceOrientations_iPhone = "UIInterfaceOrientationPortrait UIInterfaceOrientationLandscapeLeft UIInterfaceOrientationLandscapeRight";
				LD_RUNPATH_SEARCH_PATHS = (
					"$(inherited)",
					"@executable_path/Frameworks",
				);
				MARKETING_VERSION = 1.0;
				PRODUCT_BUNDLE_IDENTIFIER = "com.pranav.master-widgetkit";
				PRODUCT_NAME = "$(TARGET_NAME)";
				SWIFT_EMIT_LOC_STRINGS = YES;
				SWIFT_VERSION = 5.0;
				TARGETED_DEVICE_FAMILY = "1,2";
			};
			name = Release;
		};
		29C38DB72E30A4DC009B5AC7 /* Debug */ = {
			isa = XCBuildConfiguration;
			buildSettings = {
				ASSETCATALOG_COMPILER_GLOBAL_ACCENT_COLOR_NAME = AccentColor;
				ASSETCATALOG_COMPILER_WIDGET_BACKGROUND_COLOR_NAME = WidgetBackground;
				CODE_SIGN_ENTITLEMENTS = DevWidgetsExtension.entitlements;
				CODE_SIGN_STYLE = Automatic;
				CURRENT_PROJECT_VERSION = 1;
				DEVELOPMENT_TEAM = L574JWL2Z6;
				GENERATE_INFOPLIST_FILE = YES;
				INFOPLIST_FILE = DevWidgets/Info.plist;
				INFOPLIST_KEY_CFBundleDisplayName = DevWidgets;
				INFOPLIST_KEY_NSHumanReadableCopyright = "";
				LD_RUNPATH_SEARCH_PATHS = (
					"$(inherited)",
					"@executable_path/Frameworks",
					"@executable_path/../../Frameworks",
				);
				MARKETING_VERSION = 1.0;
				PRODUCT_BUNDLE_IDENTIFIER = "com.pranav.master-widgetkit.DevWidgets";
				PRODUCT_NAME = "$(TARGET_NAME)";
				SKIP_INSTALL = YES;
				SWIFT_EMIT_LOC_STRINGS = YES;
				SWIFT_VERSION = 5.0;
				TARGETED_DEVICE_FAMILY = "1,2";
			};
			name = Debug;
		};
		29C38DB82E30A4DC009B5AC7 /* Release */ = {
			isa = XCBuildConfiguration;
			buildSettings = {
				ASSETCATALOG_COMPILER_GLOBAL_ACCENT_COLOR_NAME = AccentColor;
				ASSETCATALOG_COMPILER_WIDGET_BACKGROUND_COLOR_NAME = WidgetBackground;
				CODE_SIGN_ENTITLEMENTS = DevWidgetsExtension.entitlements;
				CODE_SIGN_STYLE = Automatic;
				CURRENT_PROJECT_VERSION = 1;
				DEVELOPMENT_TEAM = L574JWL2Z6;
				GENERATE_INFOPLIST_FILE = YES;
				INFOPLIST_FILE = DevWidgets/Info.plist;
				INFOPLIST_KEY_CFBundleDisplayName = DevWidgets;
				INFOPLIST_KEY_NSHumanReadableCopyright = "";
				LD_RUNPATH_SEARCH_PATHS = (
					"$(inherited)",
					"@executable_path/Frameworks",
					"@executable_path/../../Frameworks",
				);
				MARKETING_VERSION = 1.0;
				PRODUCT_BUNDLE_IDENTIFIER = "com.pranav.master-widgetkit.DevWidgets";
				PRODUCT_NAME = "$(TARGET_NAME)";
				SKIP_INSTALL = YES;
				SWIFT_EMIT_LOC_STRINGS = YES;
				SWIFT_VERSION = 5.0;
				TARGETED_DEVICE_FAMILY = "1,2";
			};
			name = Release;
		};
/* End XCBuildConfiguration section */

/* Begin XCConfigurationList section */
		29C38D8A2E30A461009B5AC7 /* Build configuration list for PBXProject "master.widgetkit" */ = {
			isa = XCConfigurationList;
			buildConfigurations = (
				29C38D9B2E30A462009B5AC7 /* Debug */,
				29C38D9C2E30A462009B5AC7 /* Release */,
			);
			defaultConfigurationIsVisible = 0;
			defaultConfigurationName = Release;
		};
		29C38D9D2E30A462009B5AC7 /* Build configuration list for PBXNativeTarget "master.widgetkit" */ = {
			isa = XCConfigurationList;
			buildConfigurations = (
				29C38D9E2E30A462009B5AC7 /* Debug */,
				29C38D9F2E30A462009B5AC7 /* Release */,
			);
			defaultConfigurationIsVisible = 0;
			defaultConfigurationName = Release;
		};
		29C38DB62E30A4DC009B5AC7 /* Build configuration list for PBXNativeTarget "DevWidgetsExtension" */ = {
			isa = XCConfigurationList;
			buildConfigurations = (
				29C38DB72E30A4DC009B5AC7 /* Debug */,
				29C38DB82E30A4DC009B5AC7 /* Release */,
			);
			defaultConfigurationIsVisible = 0;
			defaultConfigurationName = Release;
		};
/* End XCConfigurationList section */
	};
	rootObject = 29C38D872E30A461009B5AC7 /* Project object */;
}
