// !$*UTF8*$!
{
	archiveVersion = 1;
	classes = {
	};
	objectVersion = 77;
	objects = {

/* Begin PBXBuildFile section */
		295099972E3228EF00BD0406 /* Quote.swift in Sources */ = {isa = PBXBuildFile; fileRef = 295099962E3228EF00BD0406 /* Quote.swift */; };
		295099992E32295800BD0406 /* QuoteService.swift in Sources */ = {isa = PBXBuildFile; fileRef = 295099982E32295800BD0406 /* QuoteService.swift */; };
		2950999B2E322B0F00BD0406 /* QuoteWidgetEntry.swift in Sources */ = {isa = PBXBuildFile; fileRef = 2950999A2E322B0F00BD0406 /* QuoteWidgetEntry.swift */; };
		2950999D2E322B3E00BD0406 /* QuoteTimeLineProvider.swift in Sources */ = {isa = PBXBuildFile; fileRef = 2950999C2E322B3E00BD0406 /* QuoteTimeLineProvider.swift */; };
		2950999F2E322D1B00BD0406 /* QuoteWidgetView.swift in Sources */ = {isa = PBXBuildFile; fileRef = 2950999E2E322D1B00BD0406 /* QuoteWidgetView.swift */; };
		295099A12E322DEE00BD0406 /* QuoteWidget.swift in Sources */ = {isa = PBXBuildFile; fileRef = 295099A02E322DEE00BD0406 /* QuoteWidget.swift */; };
		295099A42E32341E00BD0406 /* PhotoWidgetEntry.swift in Sources */ = {isa = PBXBuildFile; fileRef = 295099A32E32341E00BD0406 /* PhotoWidgetEntry.swift */; };
		295099A62E32349500BD0406 /* NetworkImageView.swift in Sources */ = {isa = PBXBuildFile; fileRef = 295099A52E32349500BD0406 /* NetworkImageView.swift */; };
		295099A82E32354900BD0406 /* PhotoWidgetView.swift in Sources */ = {isa = PBXBuildFile; fileRef = 295099A72E32354900BD0406 /* PhotoWidgetView.swift */; };
		295099AA2E3235B100BD0406 /* PhotoWidgetTimeLineProvider.swift in Sources */ = {isa = PBXBuildFile; fileRef = 295099A92E3235B100BD0406 /* PhotoWidgetTimeLineProvider.swift */; };
		295099AC2E32371200BD0406 /* PhotoWidget.swift in Sources */ = {isa = PBXBuildFile; fileRef = 295099AB2E32371200BD0406 /* PhotoWidget.swift */; };
		296D48842E311E9E0028419F /* HelloWidgetEntry.swift in Sources */ = {isa = PBXBuildFile; fileRef = 296D48832E311E9E0028419F /* HelloWidgetEntry.swift */; };
		296D48882E311F6A0028419F /* HelloWidgetView.swift in Sources */ = {isa = PBXBuildFile; fileRef = 296D48872E311F6A0028419F /* HelloWidgetView.swift */; };
		296D488A2E3121EB0028419F /* HelloWidgetTimelineProvider.swift in Sources */ = {isa = PBXBuildFile; fileRef = 296D48892E3121EB0028419F /* HelloWidgetTimelineProvider.swift */; };
		296D488C2E31270F0028419F /* HelloStaticWidget.swift in Sources */ = {isa = PBXBuildFile; fileRef = 296D488B2E31270F0028419F /* HelloStaticWidget.swift */; };
		296D488F2E312CE70028419F /* TodayWidgetEntry.swift in Sources */ = {isa = PBXBuildFile; fileRef = 296D488E2E312CE70028419F /* TodayWidgetEntry.swift */; };
		296D48912E312D2E0028419F /* TodayWidgetProvider.swift in Sources */ = {isa = PBXBuildFile; fileRef = 296D48902E312D2E0028419F /* TodayWidgetProvider.swift */; };
		296D48932E312E950028419F /* TodayWidgetView.swift in Sources */ = {isa = PBXBuildFile; fileRef = 296D48922E312E950028419F /* TodayWidgetView.swift */; };
		296D48952E312FDB0028419F /* TodayWidget.swift in Sources */ = {isa = PBXBuildFile; fileRef = 296D48942E312FDB0028419F /* TodayWidget.swift */; };
		298F43C42E3626CB0087F4DC /* WeatherTimeLineEntry.swift in Sources */ = {isa = PBXBuildFile; fileRef = 298F43C32E3626CB0087F4DC /* WeatherTimeLineEntry.swift */; };
		298F43C62E3626D50087F4DC /* WeatherWidget.swift in Sources */ = {isa = PBXBuildFile; fileRef = 298F43C52E3626D50087F4DC /* WeatherWidget.swift */; };
		298F43C82E3626E50087F4DC /* WeatherWidgetEntry.swift in Sources */ = {isa = PBXBuildFile; fileRef = 298F43C72E3626E50087F4DC /* WeatherWidgetEntry.swift */; };
		298F43CA2E3626F80087F4DC /* Weather.swift in Sources */ = {isa = PBXBuildFile; fileRef = 298F43C92E3626F80087F4DC /* Weather.swift */; };
		298F43CC2E36273E0087F4DC /* WeatherResponseObject.swift in Sources */ = {isa = PBXBuildFile; fileRef = 298F43CB2E36273E0087F4DC /* WeatherResponseObject.swift */; };
		298F43CE2E36276C0087F4DC /* WeatherService.swift in Sources */ = {isa = PBXBuildFile; fileRef = 298F43CD2E36276C0087F4DC /* WeatherService.swift */; };
		298F43D02E3629610087F4DC /* WeatherUtil.swift in Sources */ = {isa = PBXBuildFile; fileRef = 298F43CF2E3629610087F4DC /* WeatherUtil.swift */; };
		298F43D22E362ADA0087F4DC /* WeatherConstants.swift in Sources */ = {isa = PBXBuildFile; fileRef = 298F43D12E362ADA0087F4DC /* WeatherConstants.swift */; };
		298F43D42E362CB30087F4DC /* WeatherView.swift in Sources */ = {isa = PBXBuildFile; fileRef = 298F43D32E362CB30087F4DC /* WeatherView.swift */; };
		29AE47142E3789BA00868031 /* DailyWeatherView.swift in Sources */ = {isa = PBXBuildFile; fileRef = 29AE47132E3789BA00868031 /* DailyWeatherView.swift */; };
		29AE47162E378A4900868031 /* WeatherWidgetView.swift in Sources */ = {isa = PBXBuildFile; fileRef = 29AE47152E378A4900868031 /* WeatherWidgetView.swift */; };
		29C38DA72E30A4DC009B5AC7 /* WidgetKit.framework in Frameworks */ = {isa = PBXBuildFile; fileRef = 29C38DA62E30A4DC009B5AC7 /* WidgetKit.framework */; };
		29C38DA92E30A4DC009B5AC7 /* SwiftUI.framework in Frameworks */ = {isa = PBXBuildFile; fileRef = 29C38DA82E30A4DC009B5AC7 /* SwiftUI.framework */; };
		29C38DB42E30A4DC009B5AC7 /* DevWidgetsExtension.appex in Embed Foundation Extensions */ = {isa = PBXBuildFile; fileRef = 29C38DA42E30A4DC009B5AC7 /* DevWidgetsExtension.appex */; settings = {ATTRIBUTES = (RemoveHeadersOnCopy, ); }; };
/* End PBXBuildFile section */

/* Begin PBXContainerItemProxy section */
		29C38DB22E30A4DC009B5AC7 /* PBXContainerItemProxy */ = {
			isa = PBXContainerItemProxy;
			containerPortal = 29C38D872E30A461009B5AC7 /* Project object */;
			proxyType = 1;
			remoteGlobalIDString = 29C38DA32E30A4DC009B5AC7;
			remoteInfo = DevWidgetsExtension;
		};
/* End PBXContainerItemProxy section */

/* Begin PBXCopyFilesBuildPhase section */
		29C38DB92E30A4DC009B5AC7 /* Embed Foundation Extensions */ = {
			isa = PBXCopyFilesBuildPhase;
			buildActionMask = 2147483647;
			dstPath = "";
			dstSubfolderSpec = 13;
			files = (
				29C38DB42E30A4DC009B5AC7 /* DevWidgetsExtension.appex in Embed Foundation Extensions */,
			);
			name = "Embed Foundation Extensions";
			runOnlyForDeploymentPostprocessing = 0;
		};
/* End PBXCopyFilesBuildPhase section */

/* Begin PBXFileReference section */
		295099962E3228EF00BD0406 /* Quote.swift */ = {isa = PBXFileReference; lastKnownFileType = sourcecode.swift; path = Quote.swift; sourceTree = "<group>"; };
		295099982E32295800BD0406 /* QuoteService.swift */ = {isa = PBXFileReference; lastKnownFileType = sourcecode.swift; path = QuoteService.swift; sourceTree = "<group>"; };
		2950999A2E322B0F00BD0406 /* QuoteWidgetEntry.swift */ = {isa = PBXFileReference; lastKnownFileType = sourcecode.swift; path = QuoteWidgetEntry.swift; sourceTree = "<group>"; };
		2950999C2E322B3E00BD0406 /* QuoteTimeLineProvider.swift */ = {isa = PBXFileReference; lastKnownFileType = sourcecode.swift; path = QuoteTimeLineProvider.swift; sourceTree = "<group>"; };
		2950999E2E322D1B00BD0406 /* QuoteWidgetView.swift */ = {isa = PBXFileReference; lastKnownFileType = sourcecode.swift; path = QuoteWidgetView.swift; sourceTree = "<group>"; };
		295099A02E322DEE00BD0406 /* QuoteWidget.swift */ = {isa = PBXFileReference; lastKnownFileType = sourcecode.swift; path = QuoteWidget.swift; sourceTree = "<group>"; };
		295099A32E32341E00BD0406 /* PhotoWidgetEntry.swift */ = {isa = PBXFileReference; lastKnownFileType = sourcecode.swift; path = PhotoWidgetEntry.swift; sourceTree = "<group>"; };
		295099A52E32349500BD0406 /* NetworkImageView.swift */ = {isa = PBXFileReference; lastKnownFileType = sourcecode.swift; path = NetworkImageView.swift; sourceTree = "<group>"; };
		295099A72E32354900BD0406 /* PhotoWidgetView.swift */ = {isa = PBXFileReference; lastKnownFileType = sourcecode.swift; path = PhotoWidgetView.swift; sourceTree = "<group>"; };
		295099A92E3235B100BD0406 /* PhotoWidgetTimeLineProvider.swift */ = {isa = PBXFileReference; lastKnownFileType = sourcecode.swift; path = PhotoWidgetTimeLineProvider.swift; sourceTree = "<group>"; };
		295099AB2E32371200BD0406 /* PhotoWidget.swift */ = {isa = PBXFileReference; lastKnownFileType = sourcecode.swift; path = PhotoWidget.swift; sourceTree = "<group>"; };
		296D48832E311E9E0028419F /* HelloWidgetEntry.swift */ = {isa = PBXFileReference; lastKnownFileType = sourcecode.swift; path = HelloWidgetEntry.swift; sourceTree = "<group>"; };
		296D48872E311F6A0028419F /* HelloWidgetView.swift */ = {isa = PBXFileReference; lastKnownFileType = sourcecode.swift; path = HelloWidgetView.swift; sourceTree = "<group>"; };
		296D48892E3121EB0028419F /* HelloWidgetTimelineProvider.swift */ = {isa = PBXFileReference; lastKnownFileType = sourcecode.swift; path = HelloWidgetTimelineProvider.swift; sourceTree = "<group>"; };
		296D488B2E31270F0028419F /* HelloStaticWidget.swift */ = {isa = PBXFileReference; lastKnownFileType = sourcecode.swift; path = HelloStaticWidget.swift; sourceTree = "<group>"; };
		296D488E2E312CE70028419F /* TodayWidgetEntry.swift */ = {isa = PBXFileReference; lastKnownFileType = sourcecode.swift; path = TodayWidgetEntry.swift; sourceTree = "<group>"; };
		296D48902E312D2E0028419F /* TodayWidgetProvider.swift */ = {isa = PBXFileReference; lastKnownFileType = sourcecode.swift; path = TodayWidgetProvider.swift; sourceTree = "<group>"; };
		296D48922E312E950028419F /* TodayWidgetView.swift */ = {isa = PBXFileReference; lastKnownFileType = sourcecode.swift; path = TodayWidgetView.swift; sourceTree = "<group>"; };
		296D48942E312FDB0028419F /* TodayWidget.swift */ = {isa = PBXFileReference; lastKnownFileType = sourcecode.swift; path = TodayWidget.swift; sourceTree = "<group>"; };
		298F43C32E3626CB0087F4DC /* WeatherTimeLineEntry.swift */ = {isa = PBXFileReference; lastKnownFileType = sourcecode.swift; path = WeatherTimeLineEntry.swift; sourceTree = "<group>"; };
		298F43C52E3626D50087F4DC /* WeatherWidget.swift */ = {isa = PBXFileReference; lastKnownFileType = sourcecode.swift; path = WeatherWidget.swift; sourceTree = "<group>"; };
		298F43C72E3626E50087F4DC /* WeatherWidgetEntry.swift */ = {isa = PBXFileReference; lastKnownFileType = sourcecode.swift; path = WeatherWidgetEntry.swift; sourceTree = "<group>"; };
		298F43C92E3626F80087F4DC /* Weather.swift */ = {isa = PBXFileReference; lastKnownFileType = sourcecode.swift; path = Weather.swift; sourceTree = "<group>"; };
		298F43CB2E36273E0087F4DC /* WeatherResponseObject.swift */ = {isa = PBXFileReference; lastKnownFileType = sourcecode.swift; path = WeatherResponseObject.swift; sourceTree = "<group>"; };
		298F43CD2E36276C0087F4DC /* WeatherService.swift */ = {isa = PBXFileReference; lastKnownFileType = sourcecode.swift; path = WeatherService.swift; sourceTree = "<group>"; };
		298F43CF2E3629610087F4DC /* WeatherUtil.swift */ = {isa = PBXFileReference; lastKnownFileType = sourcecode.swift; path = WeatherUtil.swift; sourceTree = "<group>"; };
		298F43D12E362ADA0087F4DC /* WeatherConstants.swift */ = {isa = PBXFileReference; lastKnownFileType = sourcecode.swift; path = WeatherConstants.swift; sourceTree = "<group>"; };
		298F43D32E362CB30087F4DC /* WeatherView.swift */ = {isa = PBXFileReference; lastKnownFileType = sourcecode.swift; path = WeatherView.swift; sourceTree = "<group>"; };
		29AE47132E3789BA00868031 /* DailyWeatherView.swift */ = {isa = PBXFileReference; lastKnownFileType = sourcecode.swift; path = DailyWeatherView.swift; sourceTree = "<group>"; };
		29AE47152E378A4900868031 /* WeatherWidgetView.swift */ = {isa = PBXFileReference; lastKnownFileType = sourcecode.swift; path = WeatherWidgetView.swift; sourceTree = "<group>"; };
		29C38D8F2E30A461009B5AC7 /* master.widgetkit.app */ = {isa = PBXFileReference; explicitFileType = wrapper.application; includeInIndex = 0; path = master.widgetkit.app; sourceTree = BUILT_PRODUCTS_DIR; };
		29C38DA42E30A4DC009B5AC7 /* DevWidgetsExtension.appex */ = {isa = PBXFileReference; explicitFileType = "wrapper.app-extension"; includeInIndex = 0; path = DevWidgetsExtension.appex; sourceTree = BUILT_PRODUCTS_DIR; };
		29C38DA62E30A4DC009B5AC7 /* WidgetKit.framework */ = {isa = PBXFileReference; lastKnownFileType = wrapper.framework; name = WidgetKit.framework; path = System/Library/Frameworks/WidgetKit.framework; sourceTree = SDKROOT; };
		29C38DA82E30A4DC009B5AC7 /* SwiftUI.framework */ = {isa = PBXFileReference; lastKnownFileType = wrapper.framework; name = SwiftUI.framework; path = System/Library/Frameworks/SwiftUI.framework; sourceTree = SDKROOT; };
/* End PBXFileReference section */

/* Begin PBXFileSystemSynchronizedBuildFileExceptionSet section */
		29C38DB52E30A4DC009B5AC7 /* Exceptions for "DevWidgets" folder in "DevWidgetsExtension" target */ = {
			isa = PBXFileSystemSynchronizedBuildFileExceptionSet;
			membershipExceptions = (
				Info.plist,
			);
			target = 29C38DA32E30A4DC009B5AC7 /* DevWidgetsExtension */;
		};
/* End PBXFileSystemSynchronizedBuildFileExceptionSet section */

/* Begin PBXFileSystemSynchronizedRootGroup section */
		29C38D912E30A461009B5AC7 /* master.widgetkit */ = {
			isa = PBXFileSystemSynchronizedRootGroup;
			path = master.widgetkit;
			sourceTree = "<group>";
		};
		29C38DAA2E30A4DC009B5AC7 /* DevWidgets */ = {
			isa = PBXFileSystemSynchronizedRootGroup;
			exceptions = (
				29C38DB52E30A4DC009B5AC7 /* Exceptions for "DevWidgets" folder in "DevWidgetsExtension" target */,
			);
			path = DevWidgets;
			sourceTree = "<group>";
		};
/* End PBXFileSystemSynchronizedRootGroup section */

/* Begin PBXFrameworksBuildPhase section */
		29C38D8C2E30A461009B5AC7 /* Frameworks */ = {
			isa = PBXFrameworksBuildPhase;
			buildActionMask = 2147483647;
			files = (
			);
			runOnlyForDeploymentPostprocessing = 0;
		};
		29C38DA12E30A4DC009B5AC7 /* Frameworks */ = {
			isa = PBXFrameworksBuildPhase;
			buildActionMask = 2147483647;
			files = (
				29C38DA92E30A4DC009B5AC7 /* SwiftUI.framework in Frameworks */,
				29C38DA72E30A4DC009B5AC7 /* WidgetKit.framework in Frameworks */,
			);
			runOnlyForDeploymentPostprocessing = 0;
		};
/* End PBXFrameworksBuildPhase section */

/* Begin PBXGroup section */
		295099952E32289600BD0406 /* QuotesWidget */ = {
			isa = PBXGroup;
			children = (
				295099962E3228EF00BD0406 /* Quote.swift */,
				295099982E32295800BD0406 /* QuoteService.swift */,
				2950999A2E322B0F00BD0406 /* QuoteWidgetEntry.swift */,
				2950999C2E322B3E00BD0406 /* QuoteTimeLineProvider.swift */,
				2950999E2E322D1B00BD0406 /* QuoteWidgetView.swift */,
				295099A02E322DEE00BD0406 /* QuoteWidget.swift */,
			);
			path = QuotesWidget;
			sourceTree = "<group>";
		};
		295099A22E3233EF00BD0406 /* PhotoWidget */ = {
			isa = PBXGroup;
			children = (
				295099A32E32341E00BD0406 /* PhotoWidgetEntry.swift */,
				295099A52E32349500BD0406 /* NetworkImageView.swift */,
				295099A72E32354900BD0406 /* PhotoWidgetView.swift */,
				295099A92E3235B100BD0406 /* PhotoWidgetTimeLineProvider.swift */,
				295099AB2E32371200BD0406 /* PhotoWidget.swift */,
			);
			path = PhotoWidget;
			sourceTree = "<group>";
		};
		296D48822E311E560028419F /* HelloStaticWidget */ = {
			isa = PBXGroup;
			children = (
				296D48832E311E9E0028419F /* HelloWidgetEntry.swift */,
				296D48872E311F6A0028419F /* HelloWidgetView.swift */,
				296D48892E3121EB0028419F /* HelloWidgetTimelineProvider.swift */,
				296D488B2E31270F0028419F /* HelloStaticWidget.swift */,
			);
			path = HelloStaticWidget;
			sourceTree = "<group>";
		};
		296D488D2E312C9C0028419F /* TodayWidget */ = {
			isa = PBXGroup;
			children = (
				296D488E2E312CE70028419F /* TodayWidgetEntry.swift */,
				296D48902E312D2E0028419F /* TodayWidgetProvider.swift */,
				296D48922E312E950028419F /* TodayWidgetView.swift */,
				296D48942E312FDB0028419F /* TodayWidget.swift */,
			);
			path = TodayWidget;
			sourceTree = "<group>";
		};
		298F43C22E3626A70087F4DC /* WeatherWidget */ = {
			isa = PBXGroup;
			children = (
				298F43C32E3626CB0087F4DC /* WeatherTimeLineEntry.swift */,
				298F43C52E3626D50087F4DC /* WeatherWidget.swift */,
				298F43C72E3626E50087F4DC /* WeatherWidgetEntry.swift */,
				298F43C92E3626F80087F4DC /* Weather.swift */,
				298F43CB2E36273E0087F4DC /* WeatherResponseObject.swift */,
				298F43CD2E36276C0087F4DC /* WeatherService.swift */,
				298F43CF2E3629610087F4DC /* WeatherUtil.swift */,
				298F43D12E362ADA0087F4DC /* WeatherConstants.swift */,
				298F43D32E362CB30087F4DC /* WeatherView.swift */,
				29AE47132E3789BA00868031 /* DailyWeatherView.swift */,
				29AE47152E378A4900868031 /* WeatherWidgetView.swift */,
			);
			path = WeatherWidget;
			sourceTree = "<group>";
		};
		29C38D862E30A461009B5AC7 = {
			isa = PBXGroup;
			children = (
				298F43C22E3626A70087F4DC /* WeatherWidget */,
				295099A22E3233EF00BD0406 /* PhotoWidget */,
				295099952E32289600BD0406 /* QuotesWidget */,
				296D488D2E312C9C0028419F /* TodayWidget */,
				296D48822E311E560028419F /* HelloStaticWidget */,
				29C38D912E30A461009B5AC7 /* master.widgetkit */,
				29C38DAA2E30A4DC009B5AC7 /* DevWidgets */,
				29C38DA52E30A4DC009B5AC7 /* Frameworks */,
				29C38D902E30A461009B5AC7 /* Products */,
			);
			sourceTree = "<group>";
		};
		29C38D902E30A461009B5AC7 /* Products */ = {
			isa = PBXGroup;
			children = (
				29C38D8F2E30A461009B5AC7 /* master.widgetkit.app */,
				29C38DA42E30A4DC009B5AC7 /* DevWidgetsExtension.appex */,
			);
			name = Products;
			sourceTree = "<group>";
		};
		29C38DA52E30A4DC009B5AC7 /* Frameworks */ = {
			isa = PBXGroup;
			children = (
				29C38DA62E30A4DC009B5AC7 /* WidgetKit.framework */,
				29C38DA82E30A4DC009B5AC7 /* SwiftUI.framework */,
			);
			name = Frameworks;
			sourceTree = "<group>";
		};
/* End PBXGroup section */

/* Begin PBXNativeTarget section */
		29C38D8E2E30A461009B5AC7 /* master.widgetkit */ = {
			isa = PBXNativeTarget;
			buildConfigurationList = 29C38D9D2E30A462009B5AC7 /* Build configuration list for PBXNativeTarget "master.widgetkit" */;
			buildPhases = (
				29C38D8B2E30A461009B5AC7 /* Sources */,
				29C38D8C2E30A461009B5AC7 /* Frameworks */,
				29C38D8D2E30A461009B5AC7 /* Resources */,
				29C38DB92E30A4DC009B5AC7 /* Embed Foundation Extensions */,
			);
			buildRules = (
			);
			dependencies = (
				29C38DB32E30A4DC009B5AC7 /* PBXTargetDependency */,
			);
			fileSystemSynchronizedGroups = (
				29C38D912E30A461009B5AC7 /* master.widgetkit */,
			);
			name = master.widgetkit;
			packageProductDependencies = (
			);
			productName = master.widgetkit;
			productReference = 29C38D8F2E30A461009B5AC7 /* master.widgetkit.app */;
			productType = "com.apple.product-type.application";
		};
		29C38DA32E30A4DC009B5AC7 /* DevWidgetsExtension */ = {
			isa = PBXNativeTarget;
			buildConfigurationList = 29C38DB62E30A4DC009B5AC7 /* Build configuration list for PBXNativeTarget "DevWidgetsExtension" */;
			buildPhases = (
				29C38DA02E30A4DC009B5AC7 /* Sources */,
				29C38DA12E30A4DC009B5AC7 /* Frameworks */,
				29C38DA22E30A4DC009B5AC7 /* Resources */,
			);
			buildRules = (
			);
			dependencies = (
			);
			fileSystemSynchronizedGroups = (
				29C38DAA2E30A4DC009B5AC7 /* DevWidgets */,
			);
			name = DevWidgetsExtension;
			packageProductDependencies = (
			);
			productName = DevWidgetsExtension;
			productReference = 29C38DA42E30A4DC009B5AC7 /* DevWidgetsExtension.appex */;
			productType = "com.apple.product-type.app-extension";
		};
/* End PBXNativeTarget section */

/* Begin PBXProject section */
		29C38D872E30A461009B5AC7 /* Project object */ = {
			isa = PBXProject;
			attributes = {
				BuildIndependentTargetsInParallel = 1;
				LastSwiftUpdateCheck = 1620;
				LastUpgradeCheck = 1620;
				TargetAttributes = {
					29C38D8E2E30A461009B5AC7 = {
						CreatedOnToolsVersion = 16.2;
					};
					29C38DA32E30A4DC009B5AC7 = {
						CreatedOnToolsVersion = 16.2;
					};
				};
			};
			buildConfigurationList = 29C38D8A2E30A461009B5AC7 /* Build configuration list for PBXProject "master.widgetkit" */;
			developmentRegion = en;
			hasScannedForEncodings = 0;
			knownRegions = (
				en,
				Base,
			);
			mainGroup = 29C38D862E30A461009B5AC7;
			minimizedProjectReferenceProxies = 1;
			preferredProjectObjectVersion = 77;
			productRefGroup = 29C38D902E30A461009B5AC7 /* Products */;
			projectDirPath = "";
			projectRoot = "";
			targets = (
				29C38D8E2E30A461009B5AC7 /* master.widgetkit */,
				29C38DA32E30A4DC009B5AC7 /* DevWidgetsExtension */,
			);
		};
/* End PBXProject section */

/* Begin PBXResourcesBuildPhase section */
		29C38D8D2E30A461009B5AC7 /* Resources */ = {
			isa = PBXResourcesBuildPhase;
			buildActionMask = 2147483647;
			files = (
			);
			runOnlyForDeploymentPostprocessing = 0;
		};
		29C38DA22E30A4DC009B5AC7 /* Resources */ = {
			isa = PBXResourcesBuildPhase;
			buildActionMask = 2147483647;
			files = (
			);
			runOnlyForDeploymentPostprocessing = 0;
		};
/* End PBXResourcesBuildPhase section */

/* Begin PBXSourcesBuildPhase section */
		29C38D8B2E30A461009B5AC7 /* Sources */ = {
			isa = PBXSourcesBuildPhase;
			buildActionMask = 2147483647;
			files = (
			);
			runOnlyForDeploymentPostprocessing = 0;
		};
		29C38DA02E30A4DC009B5AC7 /* Sources */ = {
			isa = PBXSourcesBuildPhase;
			buildActionMask = 2147483647;
			files = (
				2950999D2E322B3E00BD0406 /* QuoteTimeLineProvider.swift in Sources */,
				29AE47162E378A4900868031 /* WeatherWidgetView.swift in Sources */,
				298F43D22E362ADA0087F4DC /* WeatherConstants.swift in Sources */,
				298F43CE2E36276C0087F4DC /* WeatherService.swift in Sources */,
				298F43C82E3626E50087F4DC /* WeatherWidgetEntry.swift in Sources */,
				296D48932E312E950028419F /* TodayWidgetView.swift in Sources */,
				296D48952E312FDB0028419F /* TodayWidget.swift in Sources */,
				296D48842E311E9E0028419F /* HelloWidgetEntry.swift in Sources */,
				296D488F2E312CE70028419F /* TodayWidgetEntry.swift in Sources */,
				2950999B2E322B0F00BD0406 /* QuoteWidgetEntry.swift in Sources */,
				29AE47142E3789BA00868031 /* DailyWeatherView.swift in Sources */,
				295099992E32295800BD0406 /* QuoteService.swift in Sources */,
				295099A62E32349500BD0406 /* NetworkImageView.swift in Sources */,
				295099AA2E3235B100BD0406 /* PhotoWidgetTimeLineProvider.swift in Sources */,
				296D488A2E3121EB0028419F /* HelloWidgetTimelineProvider.swift in Sources */,
				296D48912E312D2E0028419F /* TodayWidgetProvider.swift in Sources */,
				296D488C2E31270F0028419F /* HelloStaticWidget.swift in Sources */,
				298F43D42E362CB30087F4DC /* WeatherView.swift in Sources */,
				296D48882E311F6A0028419F /* HelloWidgetView.swift in Sources */,
				298F43CA2E3626F80087F4DC /* Weather.swift in Sources */,
				298F43C62E3626D50087F4DC /* WeatherWidget.swift in Sources */,
				295099AC2E32371200BD0406 /* PhotoWidget.swift in Sources */,
				298F43D02E3629610087F4DC /* WeatherUtil.swift in Sources */,
				298F43CC2E36273E0087F4DC /* WeatherResponseObject.swift in Sources */,
				295099A82E32354900BD0406 /* PhotoWidgetView.swift in Sources */,
				295099972E3228EF00BD0406 /* Quote.swift in Sources */,
				298F43C42E3626CB0087F4DC /* WeatherTimeLineEntry.swift in Sources */,
				295099A42E32341E00BD0406 /* PhotoWidgetEntry.swift in Sources */,
				295099A12E322DEE00BD0406 /* QuoteWidget.swift in Sources */,
				2950999F2E322D1B00BD0406 /* QuoteWidgetView.swift in Sources */,
			);
			runOnlyForDeploymentPostprocessing = 0;
		};
/* End PBXSourcesBuildPhase section */

/* Begin PBXTargetDependency section */
		29C38DB32E30A4DC009B5AC7 /* PBXTargetDependency */ = {
			isa = PBXTargetDependency;
			target = 29C38DA32E30A4DC009B5AC7 /* DevWidgetsExtension */;
			targetProxy = 29C38DB22E30A4DC009B5AC7 /* PBXContainerItemProxy */;
		};
/* End PBXTargetDependency section */

/* Begin XCBuildConfiguration section */
		29C38D9B2E30A462009B5AC7 /* Debug */ = {
			isa = XCBuildConfiguration;
			buildSettings = {
				ALWAYS_SEARCH_USER_PATHS = NO;
				ASSETCATALOG_COMPILER_GENERATE_SWIFT_ASSET_SYMBOL_EXTENSIONS = YES;
				CLANG_ANALYZER_NONNULL = YES;
				CLANG_ANALYZER_NUMBER_OBJECT_CONVERSION = YES_AGGRESSIVE;
				CLANG_CXX_LANGUAGE_STANDARD = "gnu++20";
				CLANG_ENABLE_MODULES = YES;
				CLANG_ENABLE_OBJC_ARC = YES;
				CLANG_ENABLE_OBJC_WEAK = YES;
				CLANG_WARN_BLOCK_CAPTURE_AUTORELEASING = YES;
				CLANG_WARN_BOOL_CONVERSION = YES;
				CLANG_WARN_COMMA = YES;
				CLANG_WARN_CONSTANT_CONVERSION = YES;
				CLANG_WARN_DEPRECATED_OBJC_IMPLEMENTATIONS = YES;
				CLANG_WARN_DIRECT_OBJC_ISA_USAGE = YES_ERROR;
				CLANG_WARN_DOCUMENTATION_COMMENTS = YES;
				CLANG_WARN_EMPTY_BODY = YES;
				CLANG_WARN_ENUM_CONVERSION = YES;
				CLANG_WARN_INFINITE_RECURSION = YES;
				CLANG_WARN_INT_CONVERSION = YES;
				CLANG_WARN_NON_LITERAL_NULL_CONVERSION = YES;
				CLANG_WARN_OBJC_IMPLICIT_RETAIN_SELF = YES;
				CLANG_WARN_OBJC_LITERAL_CONVERSION = YES;
				CLANG_WARN_OBJC_ROOT_CLASS = YES_ERROR;
				CLANG_WARN_QUOTED_INCLUDE_IN_FRAMEWORK_HEADER = YES;
				CLANG_WARN_RANGE_LOOP_ANALYSIS = YES;
				CLANG_WARN_STRICT_PROTOTYPES = YES;
				CLANG_WARN_SUSPICIOUS_MOVE = YES;
				CLANG_WARN_UNGUARDED_AVAILABILITY = YES_AGGRESSIVE;
				CLANG_WARN_UNREACHABLE_CODE = YES;
				CLANG_WARN__DUPLICATE_METHOD_MATCH = YES;
				COPY_PHASE_STRIP = NO;
				DEBUG_INFORMATION_FORMAT = dwarf;
				ENABLE_STRICT_OBJC_MSGSEND = YES;
				ENABLE_TESTABILITY = YES;
				ENABLE_USER_SCRIPT_SANDBOXING = YES;
				GCC_C_LANGUAGE_STANDARD = gnu17;
				GCC_DYNAMIC_NO_PIC = NO;
				GCC_NO_COMMON_BLOCKS = YES;
				GCC_OPTIMIZATION_LEVEL = 0;
				GCC_PREPROCESSOR_DEFINITIONS = (
					"DEBUG=1",
					"$(inherited)",
				);
				GCC_WARN_64_TO_32_BIT_CONVERSION = YES;
				GCC_WARN_ABOUT_RETURN_TYPE = YES_ERROR;
				GCC_WARN_UNDECLARED_SELECTOR = YES;
				GCC_WARN_UNINITIALIZED_AUTOS = YES_AGGRESSIVE;
				GCC_WARN_UNUSED_FUNCTION = YES;
				GCC_WARN_UNUSED_VARIABLE = YES;
				IPHONEOS_DEPLOYMENT_TARGET = 18.2;
				LOCALIZATION_PREFERS_STRING_CATALOGS = YES;
				MTL_ENABLE_DEBUG_INFO = INCLUDE_SOURCE;
				MTL_FAST_MATH = YES;
				ONLY_ACTIVE_ARCH = YES;
				SDKROOT = iphoneos;
				SWIFT_ACTIVE_COMPILATION_CONDITIONS = "DEBUG $(inherited)";
				SWIFT_OPTIMIZATION_LEVEL = "-Onone";
			};
			name = Debug;
		};
		29C38D9C2E30A462009B5AC7 /* Release */ = {
			isa = XCBuildConfiguration;
			buildSettings = {
				ALWAYS_SEARCH_USER_PATHS = NO;
				ASSETCATALOG_COMPILER_GENERATE_SWIFT_ASSET_SYMBOL_EXTENSIONS = YES;
				CLANG_ANALYZER_NONNULL = YES;
				CLANG_ANALYZER_NUMBER_OBJECT_CONVERSION = YES_AGGRESSIVE;
				CLANG_CXX_LANGUAGE_STANDARD = "gnu++20";
				CLANG_ENABLE_MODULES = YES;
				CLANG_ENABLE_OBJC_ARC = YES;
				CLANG_ENABLE_OBJC_WEAK = YES;
				CLANG_WARN_BLOCK_CAPTURE_AUTORELEASING = YES;
				CLANG_WARN_BOOL_CONVERSION = YES;
				CLANG_WARN_COMMA = YES;
				CLANG_WARN_CONSTANT_CONVERSION = YES;
				CLANG_WARN_DEPRECATED_OBJC_IMPLEMENTATIONS = YES;
				CLANG_WARN_DIRECT_OBJC_ISA_USAGE = YES_ERROR;
				CLANG_WARN_DOCUMENTATION_COMMENTS = YES;
				CLANG_WARN_EMPTY_BODY = YES;
				CLANG_WARN_ENUM_CONVERSION = YES;
				CLANG_WARN_INFINITE_RECURSION = YES;
				CLANG_WARN_INT_CONVERSION = YES;
				CLANG_WARN_NON_LITERAL_NULL_CONVERSION = YES;
				CLANG_WARN_OBJC_IMPLICIT_RETAIN_SELF = YES;
				CLANG_WARN_OBJC_LITERAL_CONVERSION = YES;
				CLANG_WARN_OBJC_ROOT_CLASS = YES_ERROR;
				CLANG_WARN_QUOTED_INCLUDE_IN_FRAMEWORK_HEADER = YES;
				CLANG_WARN_RANGE_LOOP_ANALYSIS = YES;
				CLANG_WARN_STRICT_PROTOTYPES = YES;
				CLANG_WARN_SUSPICIOUS_MOVE = YES;
				CLANG_WARN_UNGUARDED_AVAILABILITY = YES_AGGRESSIVE;
				CLANG_WARN_UNREACHABLE_CODE = YES;
				CLANG_WARN__DUPLICATE_METHOD_MATCH = YES;
				COPY_PHASE_STRIP = NO;
				DEBUG_INFORMATION_FORMAT = "dwarf-with-dsym";
				ENABLE_NS_ASSERTIONS = NO;
				ENABLE_STRICT_OBJC_MSGSEND = YES;
				ENABLE_USER_SCRIPT_SANDBOXING = YES;
				GCC_C_LANGUAGE_STANDARD = gnu17;
				GCC_NO_COMMON_BLOCKS = YES;
				GCC_WARN_64_TO_32_BIT_CONVERSION = YES;
				GCC_WARN_ABOUT_RETURN_TYPE = YES_ERROR;
				GCC_WARN_UNDECLARED_SELECTOR = YES;
				GCC_WARN_UNINITIALIZED_AUTOS = YES_AGGRESSIVE;
				GCC_WARN_UNUSED_FUNCTION = YES;
				GCC_WARN_UNUSED_VARIABLE = YES;
				IPHONEOS_DEPLOYMENT_TARGET = 18.2;
				LOCALIZATION_PREFERS_STRING_CATALOGS = YES;
				MTL_ENABLE_DEBUG_INFO = NO;
				MTL_FAST_MATH = YES;
				SDKROOT = iphoneos;
				SWIFT_COMPILATION_MODE = wholemodule;
				VALIDATE_PRODUCT = YES;
			};
			name = Release;
		};
		29C38D9E2E30A462009B5AC7 /* Debug */ = {
			isa = XCBuildConfiguration;
			buildSettings = {
				ASSETCATALOG_COMPILER_APPICON_NAME = AppIcon;
				ASSETCATALOG_COMPILER_GLOBAL_ACCENT_COLOR_NAME = AccentColor;
				CODE_SIGN_STYLE = Automatic;
				CURRENT_PROJECT_VERSION = 1;
				DEVELOPMENT_ASSET_PATHS = "\"master.widgetkit/Preview Content\"";
				ENABLE_PREVIEWS = YES;
				GENERATE_INFOPLIST_FILE = YES;
				INFOPLIST_KEY_UIApplicationSceneManifest_Generation = YES;
				INFOPLIST_KEY_UIApplicationSupportsIndirectInputEvents = YES;
				INFOPLIST_KEY_UILaunchScreen_Generation = YES;
				INFOPLIST_KEY_UISupportedInterfaceOrientations_iPad = "UIInterfaceOrientationPortrait UIInterfaceOrientationPortraitUpsideDown UIInterfaceOrientationLandscapeLeft UIInterfaceOrientationLandscapeRight";
				INFOPLIST_KEY_UISupportedInterfaceOrientations_iPhone = "UIInterfaceOrientationPortrait UIInterfaceOrientationLandscapeLeft UIInterfaceOrientationLandscapeRight";
				LD_RUNPATH_SEARCH_PATHS = (
					"$(inherited)",
					"@executable_path/Frameworks",
				);
				MARKETING_VERSION = 1.0;
				PRODUCT_BUNDLE_IDENTIFIER = "com.pranav.master-widgetkit";
				PRODUCT_NAME = "$(TARGET_NAME)";
				SWIFT_EMIT_LOC_STRINGS = YES;
				SWIFT_VERSION = 5.0;
				TARGETED_DEVICE_FAMILY = "1,2";
			};
			name = Debug;
		};
		29C38D9F2E30A462009B5AC7 /* Release */ = {
			isa = XCBuildConfiguration;
			buildSettings = {
				ASSETCATALOG_COMPILER_APPICON_NAME = AppIcon;
				ASSETCATALOG_COMPILER_GLOBAL_ACCENT_COLOR_NAME = AccentColor;
				CODE_SIGN_STYLE = Automatic;
				CURRENT_PROJECT_VERSION = 1;
				DEVELOPMENT_ASSET_PATHS = "\"master.widgetkit/Preview Content\"";
				ENABLE_PREVIEWS = YES;
				GENERATE_INFOPLIST_FILE = YES;
				INFOPLIST_KEY_UIApplicationSceneManifest_Generation = YES;
				INFOPLIST_KEY_UIApplicationSupportsIndirectInputEvents = YES;
				INFOPLIST_KEY_UILaunchScreen_Generation = YES;
				INFOPLIST_KEY_UISupportedInterfaceOrientations_iPad = "UIInterfaceOrientationPortrait UIInterfaceOrientationPortraitUpsideDown UIInterfaceOrientationLandscapeLeft UIInterfaceOrientationLandscapeRight";
				INFOPLIST_KEY_UISupportedInterfaceOrientations_iPhone = "UIInterfaceOrientationPortrait UIInterfaceOrientationLandscapeLeft UIInterfaceOrientationLandscapeRight";
				LD_RUNPATH_SEARCH_PATHS = (
					"$(inherited)",
					"@executable_path/Frameworks",
				);
				MARKETING_VERSION = 1.0;
				PRODUCT_BUNDLE_IDENTIFIER = "com.pranav.master-widgetkit";
				PRODUCT_NAME = "$(TARGET_NAME)";
				SWIFT_EMIT_LOC_STRINGS = YES;
				SWIFT_VERSION = 5.0;
				TARGETED_DEVICE_FAMILY = "1,2";
			};
			name = Release;
		};
		29C38DB72E30A4DC009B5AC7 /* Debug */ = {
			isa = XCBuildConfiguration;
			buildSettings = {
				ASSETCATALOG_COMPILER_GLOBAL_ACCENT_COLOR_NAME = AccentColor;
				ASSETCATALOG_COMPILER_WIDGET_BACKGROUND_COLOR_NAME = WidgetBackground;
				CODE_SIGN_STYLE = Automatic;
				CURRENT_PROJECT_VERSION = 1;
				GENERATE_INFOPLIST_FILE = YES;
				INFOPLIST_FILE = DevWidgets/Info.plist;
				INFOPLIST_KEY_CFBundleDisplayName = DevWidgets;
				INFOPLIST_KEY_NSHumanReadableCopyright = "";
				LD_RUNPATH_SEARCH_PATHS = (
					"$(inherited)",
					"@executable_path/Frameworks",
					"@executable_path/../../Frameworks",
				);
				MARKETING_VERSION = 1.0;
				PRODUCT_BUNDLE_IDENTIFIER = "com.pranav.master-widgetkit.DevWidgets";
				PRODUCT_NAME = "$(TARGET_NAME)";
				SKIP_INSTALL = YES;
				SWIFT_EMIT_LOC_STRINGS = YES;
				SWIFT_VERSION = 5.0;
				TARGETED_DEVICE_FAMILY = "1,2";
			};
			name = Debug;
		};
		29C38DB82E30A4DC009B5AC7 /* Release */ = {
			isa = XCBuildConfiguration;
			buildSettings = {
				ASSETCATALOG_COMPILER_GLOBAL_ACCENT_COLOR_NAME = AccentColor;
				ASSETCATALOG_COMPILER_WIDGET_BACKGROUND_COLOR_NAME = WidgetBackground;
				CODE_SIGN_STYLE = Automatic;
				CURRENT_PROJECT_VERSION = 1;
				GENERATE_INFOPLIST_FILE = YES;
				INFOPLIST_FILE = DevWidgets/Info.plist;
				INFOPLIST_KEY_CFBundleDisplayName = DevWidgets;
				INFOPLIST_KEY_NSHumanReadableCopyright = "";
				LD_RUNPATH_SEARCH_PATHS = (
					"$(inherited)",
					"@executable_path/Frameworks",
					"@executable_path/../../Frameworks",
				);
				MARKETING_VERSION = 1.0;
				PRODUCT_BUNDLE_IDENTIFIER = "com.pranav.master-widgetkit.DevWidgets";
				PRODUCT_NAME = "$(TARGET_NAME)";
				SKIP_INSTALL = YES;
				SWIFT_EMIT_LOC_STRINGS = YES;
				SWIFT_VERSION = 5.0;
				TARGETED_DEVICE_FAMILY = "1,2";
			};
			name = Release;
		};
/* End XCBuildConfiguration section */

/* Begin XCConfigurationList section */
		29C38D8A2E30A461009B5AC7 /* Build configuration list for PBXProject "master.widgetkit" */ = {
			isa = XCConfigurationList;
			buildConfigurations = (
				29C38D9B2E30A462009B5AC7 /* Debug */,
				29C38D9C2E30A462009B5AC7 /* Release */,
			);
			defaultConfigurationIsVisible = 0;
			defaultConfigurationName = Release;
		};
		29C38D9D2E30A462009B5AC7 /* Build configuration list for PBXNativeTarget "master.widgetkit" */ = {
			isa = XCConfigurationList;
			buildConfigurations = (
				29C38D9E2E30A462009B5AC7 /* Debug */,
				29C38D9F2E30A462009B5AC7 /* Release */,
			);
			defaultConfigurationIsVisible = 0;
			defaultConfigurationName = Release;
		};
		29C38DB62E30A4DC009B5AC7 /* Build configuration list for PBXNativeTarget "DevWidgetsExtension" */ = {
			isa = XCConfigurationList;
			buildConfigurations = (
				29C38DB72E30A4DC009B5AC7 /* Debug */,
				29C38DB82E30A4DC009B5AC7 /* Release */,
			);
			defaultConfigurationIsVisible = 0;
			defaultConfigurationName = Release;
		};
/* End XCConfigurationList section */
	};
	rootObject = 29C38D872E30A461009B5AC7 /* Project object */;
}
